{
  "version": 4,
  "terraform_version": "0.12.26",
  "serial": 27,
  "lineage": "aaa8f862-c374-5f71-f107-5a0ee92f8ea2",
  "outputs": {
    "gateway_url": {
      "value": "https://cy1ru3pv54.execute-api.us-west-2.amazonaws.com/prod",
      "type": "string"
    },
    "lambda_arn": {
      "value": "arn:aws:lambda:us-west-2:807214139497:function:goldstack-api",
      "type": "string"
    },
    "lambda_function_name": {
      "value": "goldstack-api",
      "type": "string"
    },
    "lambda_invoke_arn": {
      "value": "arn:aws:apigateway:us-west-2:lambda:path/2015-03-31/functions/arn:aws:lambda:us-west-2:807214139497:function:goldstack-api/invocations",
      "type": "string"
    }
  },
  "resources": [
    {
      "mode": "data",
      "type": "archive_file",
      "name": "empty_lambda",
      "provider": "provider.archive",
      "instances": [
        {
          "schema_version": 0,
          "attributes": {
            "excludes": null,
            "id": "8c24f3b90441dcf10d4308dd873623e0564e3a05",
            "output_base64sha256": "Xz3EPgpdLuicCyodq3A/25FGWqOOTHJ89d52YJEHLXk=",
            "output_md5": "c1df26a23092d8fc9040488726089961",
            "output_path": "./empty_lambda.zip",
            "output_sha": "8c24f3b90441dcf10d4308dd873623e0564e3a05",
            "output_size": 171,
            "source": [
              {
                "content": "exports.handler = function() { };",
                "filename": "lambda.js"
              }
            ],
            "source_content": null,
            "source_content_filename": null,
            "source_dir": null,
            "source_file": null,
            "type": "zip"
          }
        }
      ]
    },
    {
      "mode": "data",
      "type": "aws_acm_certificate",
      "name": "wildcard",
      "provider": "provider.aws.us-east-1",
      "instances": [
        {
          "schema_version": 0,
          "attributes": {
            "arn": "arn:aws:acm:us-east-1:807214139497:certificate/3f80bd88-d965-497d-aeb8-97ede3bc035f",
            "domain": "goldstack-api.goldstack.party",
            "id": "2020-10-17 06:28:08.2738471 +0000 UTC",
            "key_types": null,
            "most_recent": true,
            "statuses": [
              "ISSUED"
            ],
            "tags": {
              "Changed": "2020-10-01 20:57 UTC",
              "ManagedBy": "goldstack-terraform"
            },
            "types": null
          }
        }
      ]
    },
    {
      "mode": "data",
      "type": "aws_route53_zone",
      "name": "main",
      "provider": "provider.aws",
      "instances": [
        {
          "schema_version": 0,
          "attributes": {
            "caller_reference": "0A7613F4-72DF-AEF3-AB60-123A3423A0E8",
            "comment": "Prod Goldstack DNS",
            "id": "Z09768259Z4N8PRQS67U",
            "linked_service_description": null,
            "linked_service_principal": null,
            "name": "goldstack.party.",
            "name_servers": [
              "ns-1205.awsdns-22.org",
              "ns-888.awsdns-47.net",
              "ns-371.awsdns-46.com",
              "ns-1911.awsdns-46.co.uk"
            ],
            "private_zone": false,
            "resource_record_set_count": 21,
            "tags": {},
            "vpc_id": null,
            "zone_id": "Z09768259Z4N8PRQS67U"
          }
        }
      ]
    },
    {
      "mode": "managed",
      "type": "aws_acm_certificate",
      "name": "wildcard",
      "provider": "provider.aws.us-east-1",
      "instances": [
        {
          "schema_version": 0,
          "attributes": {
            "arn": "arn:aws:acm:us-east-1:807214139497:certificate/3f80bd88-d965-497d-aeb8-97ede3bc035f",
            "certificate_authority_arn": "",
            "certificate_body": null,
            "certificate_chain": null,
            "domain_name": "goldstack-api.goldstack.party",
            "domain_validation_options": [
              {
                "domain_name": "goldstack-api.goldstack.party",
                "resource_record_name": "_d9bce43f0fcf5362b8853d6d86684258.goldstack-api.goldstack.party.",
                "resource_record_type": "CNAME",
                "resource_record_value": "_2668f9613a18447f95495fb264ad0ae0.bsgbmzkfwj.acm-validations.aws."
              },
              {
                "domain_name": "*.goldstack-api.goldstack.party",
                "resource_record_name": "_d9bce43f0fcf5362b8853d6d86684258.goldstack-api.goldstack.party.",
                "resource_record_type": "CNAME",
                "resource_record_value": "_2668f9613a18447f95495fb264ad0ae0.bsgbmzkfwj.acm-validations.aws."
              }
            ],
            "id": "arn:aws:acm:us-east-1:807214139497:certificate/3f80bd88-d965-497d-aeb8-97ede3bc035f",
            "options": [
              {
                "certificate_transparency_logging_preference": "ENABLED"
              }
            ],
            "private_key": null,
            "status": "ISSUED",
            "subject_alternative_names": [
              "*.goldstack-api.goldstack.party"
            ],
            "tags": {
              "Changed": "2020-10-01 20:57 UTC",
              "ManagedBy": "goldstack-terraform"
            },
            "validation_emails": [],
            "validation_method": "DNS"
          },
          "private": "bnVsbA=="
        }
      ]
    },
    {
      "mode": "managed",
      "type": "aws_acm_certificate_validation",
      "name": "wildcard_cert",
      "provider": "provider.aws.us-east-1",
      "instances": [
        {
          "schema_version": 0,
          "attributes": {
            "certificate_arn": "arn:aws:acm:us-east-1:807214139497:certificate/3f80bd88-d965-497d-aeb8-97ede3bc035f",
            "id": "2020-10-01 20:58:20 +0000 UTC",
            "timeouts": null,
            "validation_record_fqdns": [
              "_d9bce43f0fcf5362b8853d6d86684258.goldstack-api.goldstack.party"
            ]
          },
          "private": "eyJlMmJmYjczMC1lY2FhLTExZTYtOGY4OC0zNDM2M2JjN2M0YzAiOnsiY3JlYXRlIjoyNzAwMDAwMDAwMDAwfX0=",
          "dependencies": [
            "aws_acm_certificate.wildcard",
            "aws_route53_record.wildcard_validation"
          ]
        }
      ]
    },
    {
      "mode": "managed",
      "type": "aws_api_gateway_base_path_mapping",
      "name": "base_path",
      "provider": "provider.aws",
      "instances": [
        {
          "schema_version": 0,
          "attributes": {
            "api_id": "cy1ru3pv54",
            "base_path": "",
            "domain_name": "goldstack-api.goldstack.party",
            "id": "goldstack-api.goldstack.party/",
            "stage_name": "prod"
          },
          "private": "bnVsbA==",
          "dependencies": [
            "aws_acm_certificate.wildcard",
            "aws_acm_certificate_validation.wildcard_cert",
            "aws_api_gateway_deployment.main",
            "aws_api_gateway_domain_name.domain",
            "aws_api_gateway_integration.lambda",
            "aws_api_gateway_integration.lambda_root",
            "aws_api_gateway_method.proxy",
            "aws_api_gateway_method.proxy_root",
            "aws_api_gateway_resource.proxy",
            "aws_api_gateway_rest_api.main",
            "aws_iam_role.lambda_exec",
            "aws_lambda_function.main",
            "aws_route53_record.wildcard_validation"
          ]
        }
      ]
    },
    {
      "mode": "managed",
      "type": "aws_api_gateway_deployment",
      "name": "main",
      "provider": "provider.aws",
      "instances": [
        {
          "schema_version": 0,
          "attributes": {
            "created_date": "2020-10-01T20:57:54Z",
            "description": "",
            "execution_arn": "arn:aws:execute-api:us-west-2:807214139497:cy1ru3pv54/prod",
            "id": "hcykco",
            "invoke_url": "https://cy1ru3pv54.execute-api.us-west-2.amazonaws.com/prod",
            "rest_api_id": "cy1ru3pv54",
            "stage_description": null,
            "stage_name": "prod",
            "triggers": null,
            "variables": null
          },
          "private": "bnVsbA==",
          "dependencies": [
            "aws_api_gateway_integration.lambda",
            "aws_api_gateway_integration.lambda_root",
            "aws_api_gateway_method.proxy",
            "aws_api_gateway_method.proxy_root",
            "aws_api_gateway_resource.proxy",
            "aws_api_gateway_rest_api.main",
            "aws_iam_role.lambda_exec",
            "aws_lambda_function.main"
          ]
        }
      ]
    },
    {
      "mode": "managed",
      "type": "aws_api_gateway_domain_name",
      "name": "domain",
      "provider": "provider.aws",
      "instances": [
        {
          "schema_version": 0,
          "attributes": {
            "arn": "arn:aws:apigateway:us-west-2::/domainnames/goldstack-api.goldstack.party",
            "certificate_arn": "arn:aws:acm:us-east-1:807214139497:certificate/3f80bd88-d965-497d-aeb8-97ede3bc035f",
            "certificate_body": null,
            "certificate_chain": null,
            "certificate_name": "",
            "certificate_private_key": null,
            "certificate_upload_date": "2020-10-01T20:58:42Z",
            "cloudfront_domain_name": "d1c6ngw63bwx22.cloudfront.net",
            "cloudfront_zone_id": "Z2FDTNDATAQYW2",
            "domain_name": "goldstack-api.goldstack.party",
            "endpoint_configuration": [
              {
                "types": [
                  "EDGE"
                ]
              }
            ],
            "id": "goldstack-api.goldstack.party",
            "regional_certificate_arn": "",
            "regional_certificate_name": "",
            "regional_domain_name": "",
            "regional_zone_id": "",
            "security_policy": "TLS_1_0",
            "tags": {}
          },
          "private": "bnVsbA==",
          "dependencies": [
            "aws_acm_certificate.wildcard",
            "aws_acm_certificate_validation.wildcard_cert",
            "aws_route53_record.wildcard_validation"
          ]
        }
      ]
    },
    {
      "mode": "managed",
      "type": "aws_api_gateway_integration",
      "name": "lambda",
      "provider": "provider.aws",
      "instances": [
        {
          "schema_version": 0,
          "attributes": {
            "cache_key_parameters": [],
            "cache_namespace": "e0f2v8",
            "connection_id": "",
            "connection_type": "INTERNET",
            "content_handling": "",
            "credentials": "",
            "http_method": "ANY",
            "id": "agi-cy1ru3pv54-e0f2v8-ANY",
            "integration_http_method": "POST",
            "passthrough_behavior": "WHEN_NO_MATCH",
            "request_parameters": {},
            "request_parameters_in_json": null,
            "request_templates": {},
            "resource_id": "e0f2v8",
            "rest_api_id": "cy1ru3pv54",
            "timeout_milliseconds": 29000,
            "type": "AWS_PROXY",
            "uri": "arn:aws:apigateway:us-west-2:lambda:path/2015-03-31/functions/arn:aws:lambda:us-west-2:807214139497:function:goldstack-api/invocations"
          },
          "private": "bnVsbA==",
          "dependencies": [
            "aws_api_gateway_method.proxy",
            "aws_api_gateway_resource.proxy",
            "aws_api_gateway_rest_api.main",
            "aws_iam_role.lambda_exec",
            "aws_lambda_function.main"
          ]
        }
      ]
    },
    {
      "mode": "managed",
      "type": "aws_api_gateway_integration",
      "name": "lambda_root",
      "provider": "provider.aws",
      "instances": [
        {
          "schema_version": 0,
          "attributes": {
            "cache_key_parameters": [],
            "cache_namespace": "cubjyil5i4",
            "connection_id": "",
            "connection_type": "INTERNET",
            "content_handling": "",
            "credentials": "",
            "http_method": "ANY",
            "id": "agi-cy1ru3pv54-cubjyil5i4-ANY",
            "integration_http_method": "POST",
            "passthrough_behavior": "WHEN_NO_MATCH",
            "request_parameters": {},
            "request_parameters_in_json": null,
            "request_templates": {},
            "resource_id": "cubjyil5i4",
            "rest_api_id": "cy1ru3pv54",
            "timeout_milliseconds": 29000,
            "type": "AWS_PROXY",
            "uri": "arn:aws:apigateway:us-west-2:lambda:path/2015-03-31/functions/arn:aws:lambda:us-west-2:807214139497:function:goldstack-api/invocations"
          },
          "private": "bnVsbA==",
          "dependencies": [
            "aws_api_gateway_method.proxy_root",
            "aws_api_gateway_rest_api.main",
            "aws_iam_role.lambda_exec",
            "aws_lambda_function.main"
          ]
        }
      ]
    },
    {
      "mode": "managed",
      "type": "aws_api_gateway_method",
      "name": "proxy",
      "provider": "provider.aws",
      "instances": [
        {
          "schema_version": 0,
          "attributes": {
            "api_key_required": false,
            "authorization": "NONE",
            "authorization_scopes": [],
            "authorizer_id": "",
            "http_method": "ANY",
            "id": "agm-cy1ru3pv54-e0f2v8-ANY",
            "request_models": {},
            "request_parameters": {},
            "request_parameters_in_json": null,
            "request_validator_id": "",
            "resource_id": "e0f2v8",
            "rest_api_id": "cy1ru3pv54"
          },
          "private": "bnVsbA==",
          "dependencies": [
            "aws_api_gateway_resource.proxy",
            "aws_api_gateway_rest_api.main"
          ]
        }
      ]
    },
    {
      "mode": "managed",
      "type": "aws_api_gateway_method",
      "name": "proxy_root",
      "provider": "provider.aws",
      "instances": [
        {
          "schema_version": 0,
          "attributes": {
            "api_key_required": false,
            "authorization": "NONE",
            "authorization_scopes": [],
            "authorizer_id": "",
            "http_method": "ANY",
            "id": "agm-cy1ru3pv54-cubjyil5i4-ANY",
            "request_models": {},
            "request_parameters": {},
            "request_parameters_in_json": null,
            "request_validator_id": "",
            "resource_id": "cubjyil5i4",
            "rest_api_id": "cy1ru3pv54"
          },
          "private": "bnVsbA==",
          "dependencies": [
            "aws_api_gateway_rest_api.main"
          ]
        }
      ]
    },
    {
      "mode": "managed",
      "type": "aws_api_gateway_resource",
      "name": "proxy",
      "provider": "provider.aws",
      "instances": [
        {
          "schema_version": 0,
          "attributes": {
            "id": "e0f2v8",
            "parent_id": "cubjyil5i4",
            "path": "/{proxy+}",
            "path_part": "{proxy+}",
            "rest_api_id": "cy1ru3pv54"
          },
          "private": "bnVsbA==",
          "dependencies": [
            "aws_api_gateway_rest_api.main"
          ]
        }
      ]
    },
    {
      "mode": "managed",
      "type": "aws_api_gateway_rest_api",
      "name": "main",
      "provider": "provider.aws",
      "instances": [
        {
          "schema_version": 0,
          "attributes": {
            "api_key_source": "HEADER",
            "arn": "arn:aws:apigateway:us-west-2::/restapis/cy1ru3pv54",
            "binary_media_types": [],
            "body": null,
            "created_date": "2020-10-01T20:57:31Z",
            "description": "Goldstack lambda deployment goldstack-api",
            "endpoint_configuration": [
              {
                "types": [
                  "EDGE"
                ],
                "vpc_endpoint_ids": []
              }
            ],
            "execution_arn": "arn:aws:execute-api:us-west-2:807214139497:cy1ru3pv54",
            "id": "cy1ru3pv54",
            "minimum_compression_size": -1,
            "name": "goldstack-api-gateway",
            "policy": "",
            "root_resource_id": "cubjyil5i4",
            "tags": {}
          },
          "private": "bnVsbA=="
        }
      ]
    },
    {
      "mode": "managed",
      "type": "aws_iam_policy",
      "name": "lambda_logging",
      "provider": "provider.aws",
      "instances": [
        {
          "schema_version": 0,
          "attributes": {
            "arn": "arn:aws:iam::807214139497:policy/goldstack-api-lambda-logging-role",
            "description": "IAM policy for logging from a lambda",
            "id": "arn:aws:iam::807214139497:policy/goldstack-api-lambda-logging-role",
            "name": "goldstack-api-lambda-logging-role",
            "name_prefix": null,
            "path": "/",
            "policy": "{\n  \"Version\": \"2012-10-17\",\n  \"Statement\": [\n    {\n      \"Action\": [\n        \"logs:CreateLogGroup\",\n        \"logs:CreateLogStream\",\n        \"logs:PutLogEvents\"\n      ],\n      \"Resource\": \"arn:aws:logs:*:*:*\",\n      \"Effect\": \"Allow\"\n    }\n  ]\n}\n"
          },
          "private": "bnVsbA=="
        }
      ]
    },
    {
      "mode": "managed",
      "type": "aws_iam_role",
      "name": "lambda_exec",
      "provider": "provider.aws",
      "instances": [
        {
          "schema_version": 0,
          "attributes": {
            "arn": "arn:aws:iam::807214139497:role/goldstack-api-role",
            "assume_role_policy": "{\"Version\":\"2012-10-17\",\"Statement\":[{\"Sid\":\"\",\"Effect\":\"Allow\",\"Principal\":{\"Service\":\"lambda.amazonaws.com\"},\"Action\":\"sts:AssumeRole\"}]}",
            "create_date": "2020-10-01T20:57:31Z",
            "description": "",
            "force_detach_policies": false,
            "id": "goldstack-api-role",
            "max_session_duration": 3600,
            "name": "goldstack-api-role",
            "name_prefix": null,
            "path": "/",
            "permissions_boundary": null,
            "tags": {},
            "unique_id": "AROA3X4NWJBU2TWXU35FF"
          },
          "private": "bnVsbA=="
        }
      ]
    },
    {
      "mode": "managed",
      "type": "aws_iam_role_policy_attachment",
      "name": "lambda_admin_role_attach",
      "provider": "provider.aws",
      "instances": [
        {
          "schema_version": 0,
          "attributes": {
            "id": "goldstack-api-role-20201001205735734600000001",
            "policy_arn": "arn:aws:iam::aws:policy/AdministratorAccess",
            "role": "goldstack-api-role"
          },
          "private": "bnVsbA==",
          "dependencies": [
            "aws_iam_role.lambda_exec"
          ]
        }
      ]
    },
    {
      "mode": "managed",
      "type": "aws_iam_role_policy_attachment",
      "name": "lambda_logs",
      "provider": "provider.aws",
      "instances": [
        {
          "schema_version": 0,
          "attributes": {
            "id": "goldstack-api-role-20201001205736468300000002",
            "policy_arn": "arn:aws:iam::807214139497:policy/goldstack-api-lambda-logging-role",
            "role": "goldstack-api-role"
          },
          "private": "bnVsbA==",
          "dependencies": [
            "aws_iam_policy.lambda_logging",
            "aws_iam_role.lambda_exec"
          ]
        }
      ]
    },
    {
      "mode": "managed",
      "type": "aws_lambda_function",
      "name": "main",
      "provider": "provider.aws",
      "instances": [
        {
          "schema_version": 0,
          "attributes": {
            "arn": "arn:aws:lambda:us-west-2:807214139497:function:goldstack-api",
            "dead_letter_config": [],
            "description": "",
            "environment": [
              {
                "variables": {
                  "CORS": "https://goldstack.party",
                  "GOLDSTACK_DEPLOYMENT": "prod",
                  "GOLDSTACK_WORKDIR": "/tmp/",
                  "STRIPE_API_KEY": "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"
                }
              }
            ],
            "filename": "./empty_lambda.zip",
            "function_name": "goldstack-api",
            "handler": "lambda.handler",
            "id": "goldstack-api",
            "invoke_arn": "arn:aws:apigateway:us-west-2:lambda:path/2015-03-31/functions/arn:aws:lambda:us-west-2:807214139497:function:goldstack-api/invocations",
            "kms_key_arn": "",
            "last_modified": "2020-10-17T06:28:06.288+0000",
            "layers": [],
            "memory_size": 2048,
            "publish": false,
            "qualified_arn": "arn:aws:lambda:us-west-2:807214139497:function:goldstack-api:$LATEST",
            "reserved_concurrent_executions": -1,
            "role": "arn:aws:iam::807214139497:role/goldstack-api-role",
            "runtime": "nodejs12.x",
            "s3_bucket": null,
            "s3_key": null,
            "s3_object_version": null,
            "source_code_hash": "ghiqwqGEmIB3ZQlBNUEfWsqMCsYqty0TFIhbNR7KimA=",
            "source_code_size": 2531918,
            "tags": {},
            "timeout": 900,
            "timeouts": null,
            "tracing_config": [
              {
                "mode": "PassThrough"
              }
            ],
            "version": "$LATEST",
            "vpc_config": []
          },
          "private": "eyJlMmJmYjczMC1lY2FhLTExZTYtOGY4OC0zNDM2M2JjN2M0YzAiOnsiY3JlYXRlIjo2MDAwMDAwMDAwMDB9fQ==",
          "dependencies": [
            "aws_iam_role.lambda_exec"
          ]
        }
      ]
    },
    {
      "mode": "managed",
      "type": "aws_lambda_permission",
      "name": "lambda_permission",
      "provider": "provider.aws",
      "instances": [
        {
          "schema_version": 0,
          "attributes": {
            "action": "lambda:InvokeFunction",
            "event_source_token": null,
            "function_name": "goldstack-api",
            "id": "AllowLambdaInvoke-goldstack-api",
            "principal": "apigateway.amazonaws.com",
            "qualifier": "",
            "source_account": null,
            "source_arn": "arn:aws:execute-api:us-west-2:807214139497:cy1ru3pv54/*/*/*",
            "statement_id": "AllowLambdaInvoke-goldstack-api",
            "statement_id_prefix": null
          },
          "private": "bnVsbA==",
          "dependencies": [
            "aws_api_gateway_rest_api.main",
            "aws_iam_role.lambda_exec",
            "aws_lambda_function.main"
          ]
        }
      ]
    },
    {
      "mode": "managed",
      "type": "aws_route53_record",
      "name": "a",
      "provider": "provider.aws",
      "instances": [
        {
          "schema_version": 2,
          "attributes": {
            "alias": [
              {
                "evaluate_target_health": false,
                "name": "d1c6ngw63bwx22.cloudfront.net",
                "zone_id": "Z2FDTNDATAQYW2"
              }
            ],
            "allow_overwrite": null,
            "failover_routing_policy": [],
            "fqdn": "goldstack-api.goldstack.party",
            "geolocation_routing_policy": [],
            "health_check_id": "",
            "id": "Z09768259Z4N8PRQS67U_goldstack-api.goldstack.party_A",
            "latency_routing_policy": [],
            "multivalue_answer_routing_policy": null,
            "name": "goldstack-api.goldstack.party",
            "records": [],
            "set_identifier": "",
            "ttl": 0,
            "type": "A",
            "weighted_routing_policy": [],
            "zone_id": "Z09768259Z4N8PRQS67U"
          },
          "private": "eyJzY2hlbWFfdmVyc2lvbiI6IjIifQ==",
          "dependencies": [
            "aws_acm_certificate.wildcard",
            "aws_acm_certificate_validation.wildcard_cert",
            "aws_api_gateway_domain_name.domain",
            "aws_route53_record.wildcard_validation"
          ]
        }
      ]
    },
    {
      "mode": "managed",
      "type": "aws_route53_record",
      "name": "wildcard_validation",
      "provider": "provider.aws",
      "instances": [
        {
          "schema_version": 2,
          "attributes": {
            "alias": [],
            "allow_overwrite": null,
            "failover_routing_policy": [],
            "fqdn": "_d9bce43f0fcf5362b8853d6d86684258.goldstack-api.goldstack.party",
            "geolocation_routing_policy": [],
            "health_check_id": "",
            "id": "Z09768259Z4N8PRQS67U__d9bce43f0fcf5362b8853d6d86684258.goldstack-api.goldstack.party._CNAME",
            "latency_routing_policy": [],
            "multivalue_answer_routing_policy": null,
            "name": "_d9bce43f0fcf5362b8853d6d86684258.goldstack-api.goldstack.party",
            "records": [
              "_2668f9613a18447f95495fb264ad0ae0.bsgbmzkfwj.acm-validations.aws."
            ],
            "set_identifier": "",
            "ttl": 60,
            "type": "CNAME",
            "weighted_routing_policy": [],
            "zone_id": "Z09768259Z4N8PRQS67U"
          },
          "private": "eyJzY2hlbWFfdmVyc2lvbiI6IjIifQ==",
          "dependencies": [
            "aws_acm_certificate.wildcard"
          ]
        }
      ]
    }
  ]
}
