{
  "version": 4,
  "terraform_version": "0.12.26",
  "serial": 2,
  "lineage": "1c3e5c47-c382-af41-9d22-56f82b0da06d",
  "outputs": {
    "bucket_arn": {
      "value": "arn:aws:s3:::goldstack-packages-prod",
      "type": "string"
    },
    "bucket_name": {
      "value": "goldstack-packages-prod",
      "type": "string"
    }
  },
  "resources": [
    {
      "mode": "managed",
      "type": "aws_s3_bucket",
      "name": "main",
      "provider": "provider.aws",
      "instances": [
        {
          "schema_version": 0,
          "attributes": {
            "acceleration_status": "",
            "acl": "private",
            "arn": "arn:aws:s3:::goldstack-packages-prod",
            "bucket": "goldstack-packages-prod",
            "bucket_domain_name": "goldstack-packages-prod.s3.amazonaws.com",
            "bucket_prefix": null,
            "bucket_regional_domain_name": "goldstack-packages-prod.s3.us-west-2.amazonaws.com",
            "cors_rule": [],
            "force_destroy": true,
            "grant": [],
            "hosted_zone_id": "Z3BJ6K6RIION7M",
            "id": "goldstack-packages-prod",
            "lifecycle_rule": [],
            "logging": [],
            "object_lock_configuration": [],
            "policy": null,
            "region": "us-west-2",
            "replication_configuration": [],
            "request_payer": "BucketOwner",
            "server_side_encryption_configuration": [],
            "tags": {
              "Changed": "2020-10-01 20:48 UTC",
              "ManagedBy": "terraform"
            },
            "versioning": [
              {
                "enabled": false,
                "mfa_delete": false
              }
            ],
            "website": [],
            "website_domain": null,
            "website_endpoint": null
          },
          "private": "bnVsbA=="
        }
      ]
    }
  ]
}
