{
  "version": 4,
  "terraform_version": "0.12.26",
  "serial": 10,
  "lineage": "85068840-49e4-8b6b-3e78-56b25aecb5c9",
  "outputs": {
    "cluster_name": {
      "value": "template-management-cli-cluster",
      "type": "string"
    },
    "container_security_group": {
      "value": "sg-073cacb9c877075b0",
      "type": "string"
    },
    "ecs_task_execution_role_arn": {
      "value": "arn:aws:iam::807214139497:role/ecs_task_execution_role_template-management-cli",
      "type": "string"
    },
    "ecs_task_role_arn": {
      "value": "arn:aws:iam::807214139497:role/ecs_task_role_template-management-cli",
      "type": "string"
    },
    "registry_id": {
      "value": "807214139497",
      "type": "string"
    },
    "repo_arn": {
      "value": "arn:aws:ecr:us-west-2:807214139497:repository/template-management-cli",
      "type": "string"
    },
    "repo_url": {
      "value": "807214139497.dkr.ecr.us-west-2.amazonaws.com/template-management-cli",
      "type": "string"
    },
    "subnet": {
      "value": "subnet-0397587b",
      "type": "string"
    },
    "vpc": {
      "value": "vpc-9e6416e6",
      "type": "string"
    }
  },
  "resources": [
    {
      "mode": "data",
      "type": "aws_subnet_ids",
      "name": "default",
      "provider": "provider.aws",
      "instances": [
        {
          "schema_version": 0,
          "attributes": {
            "filter": null,
            "id": "vpc-9e6416e6",
            "ids": [
              "subnet-0397587b",
              "subnet-5e1ef714",
              "subnet-b3e638ee",
              "subnet-dad187f1"
            ],
            "tags": null,
            "vpc_id": "vpc-9e6416e6"
          }
        }
      ]
    },
    {
      "mode": "data",
      "type": "aws_vpcs",
      "name": "default",
      "provider": "provider.aws",
      "instances": [
        {
          "schema_version": 0,
          "attributes": {
            "filter": [
              {
                "name": "isDefault",
                "values": [
                  "true"
                ]
              }
            ],
            "id": "2020-10-03 00:53:05.969848 +0000 UTC",
            "ids": [
              "vpc-9e6416e6"
            ],
            "tags": null
          }
        }
      ]
    },
    {
      "mode": "managed",
      "type": "aws_ecr_repository",
      "name": "main",
      "provider": "provider.aws",
      "instances": [
        {
          "schema_version": 0,
          "attributes": {
            "arn": "arn:aws:ecr:us-west-2:807214139497:repository/template-management-cli",
            "id": "template-management-cli",
            "image_scanning_configuration": [
              {
                "scan_on_push": true
              }
            ],
            "image_tag_mutability": "MUTABLE",
            "name": "template-management-cli",
            "registry_id": "807214139497",
            "repository_url": "807214139497.dkr.ecr.us-west-2.amazonaws.com/template-management-cli",
            "tags": null,
            "timeouts": null
          },
          "private": "eyJlMmJmYjczMC1lY2FhLTExZTYtOGY4OC0zNDM2M2JjN2M0YzAiOnsiZGVsZXRlIjoxMjAwMDAwMDAwMDAwfX0="
        }
      ]
    },
    {
      "mode": "managed",
      "type": "aws_ecs_cluster",
      "name": "main",
      "provider": "provider.aws",
      "instances": [
        {
          "schema_version": 0,
          "attributes": {
            "arn": "arn:aws:ecs:us-west-2:807214139497:cluster/template-management-cli-cluster",
            "capacity_providers": null,
            "default_capacity_provider_strategy": [],
            "id": "arn:aws:ecs:us-west-2:807214139497:cluster/template-management-cli-cluster",
            "name": "template-management-cli-cluster",
            "setting": [
              {
                "name": "containerInsights",
                "value": "disabled"
              }
            ],
            "tags": null
          },
          "private": "bnVsbA=="
        }
      ]
    },
    {
      "mode": "managed",
      "type": "aws_iam_policy",
      "name": "ecs_cloud_watch_logs",
      "provider": "provider.aws",
      "instances": [
        {
          "schema_version": 0,
          "attributes": {
            "arn": "arn:aws:iam::807214139497:policy/ECS-CloudWatchLogs-template-management-cli",
            "description": "Grants access for ECS to CloudWatch logs",
            "id": "arn:aws:iam::807214139497:policy/ECS-CloudWatchLogs-template-management-cli",
            "name": "ECS-CloudWatchLogs-template-management-cli",
            "name_prefix": null,
            "path": "/",
            "policy": "{\n    \"Version\": \"2012-10-17\",\n    \"Statement\": [\n        {\n            \"Effect\": \"Allow\",\n            \"Action\": [\n                \"logs:CreateLogGroup\",\n                \"logs:CreateLogStream\",\n                \"logs:PutLogEvents\",\n                \"logs:DescribeLogStreams\"\n            ],\n            \"Resource\": [\n                \"arn:aws:logs:*:*:*\"\n            ]\n        }\n    ]\n}\n"
          },
          "private": "bnVsbA=="
        }
      ]
    },
    {
      "mode": "managed",
      "type": "aws_iam_role",
      "name": "ecs_task_execution_role",
      "provider": "provider.aws",
      "instances": [
        {
          "schema_version": 0,
          "attributes": {
            "arn": "arn:aws:iam::807214139497:role/ecs_task_execution_role_template-management-cli",
            "assume_role_policy": "{\"Version\":\"2012-10-17\",\"Statement\":[{\"Sid\":\"\",\"Effect\":\"Allow\",\"Principal\":{\"Service\":\"ecs-tasks.amazonaws.com\"},\"Action\":\"sts:AssumeRole\"}]}",
            "create_date": "2020-10-03T00:53:20Z",
            "description": "",
            "force_detach_policies": false,
            "id": "ecs_task_execution_role_template-management-cli",
            "max_session_duration": 3600,
            "name": "ecs_task_execution_role_template-management-cli",
            "name_prefix": null,
            "path": "/",
            "permissions_boundary": null,
            "tags": null,
            "unique_id": "AROA3X4NWJBUWF63N5SOP"
          },
          "private": "bnVsbA=="
        }
      ]
    },
    {
      "mode": "managed",
      "type": "aws_iam_role",
      "name": "ecs_task_role",
      "provider": "provider.aws",
      "instances": [
        {
          "schema_version": 0,
          "attributes": {
            "arn": "arn:aws:iam::807214139497:role/ecs_task_role_template-management-cli",
            "assume_role_policy": "{\"Version\":\"2012-10-17\",\"Statement\":[{\"Sid\":\"\",\"Effect\":\"Allow\",\"Principal\":{\"Service\":\"ecs-tasks.amazonaws.com\"},\"Action\":\"sts:AssumeRole\"}]}",
            "create_date": "2020-10-03T00:53:20Z",
            "description": "",
            "force_detach_policies": false,
            "id": "ecs_task_role_template-management-cli",
            "max_session_duration": 3600,
            "name": "ecs_task_role_template-management-cli",
            "name_prefix": null,
            "path": "/",
            "permissions_boundary": null,
            "tags": null,
            "unique_id": "AROA3X4NWJBUS2YEXH45U"
          },
          "private": "bnVsbA=="
        }
      ]
    },
    {
      "mode": "managed",
      "type": "aws_iam_role_policy_attachment",
      "name": "cloud_watch_logs",
      "provider": "provider.aws",
      "instances": [
        {
          "schema_version": 0,
          "attributes": {
            "id": "ecs_task_execution_role_template-management-cli-20201003005324334800000003",
            "policy_arn": "arn:aws:iam::807214139497:policy/ECS-CloudWatchLogs-template-management-cli",
            "role": "ecs_task_execution_role_template-management-cli"
          },
          "private": "bnVsbA==",
          "dependencies": [
            "aws_iam_policy.ecs_cloud_watch_logs",
            "aws_iam_role.ecs_task_execution_role"
          ]
        }
      ]
    },
    {
      "mode": "managed",
      "type": "aws_iam_role_policy_attachment",
      "name": "ecs_task_role_attach",
      "provider": "provider.aws",
      "instances": [
        {
          "schema_version": 0,
          "attributes": {
            "id": "ecs_task_role_template-management-cli-20201003005322731200000001",
            "policy_arn": "arn:aws:iam::aws:policy/AdministratorAccess",
            "role": "ecs_task_role_template-management-cli"
          },
          "private": "bnVsbA==",
          "dependencies": [
            "aws_iam_role.ecs_task_role"
          ]
        }
      ]
    },
    {
      "mode": "managed",
      "type": "aws_iam_role_policy_attachment",
      "name": "test_attach",
      "provider": "provider.aws",
      "instances": [
        {
          "schema_version": 0,
          "attributes": {
            "id": "ecs_task_execution_role_template-management-cli-20201003005324100300000002",
            "policy_arn": "arn:aws:iam::aws:policy/service-role/AmazonECSTaskExecutionRolePolicy",
            "role": "ecs_task_execution_role_template-management-cli"
          },
          "private": "bnVsbA==",
          "dependencies": [
            "aws_iam_role.ecs_task_execution_role"
          ]
        }
      ]
    },
    {
      "mode": "managed",
      "type": "aws_security_group",
      "name": "main",
      "provider": "provider.aws",
      "instances": [
        {
          "schema_version": 1,
          "attributes": {
            "arn": "arn:aws:ec2:us-west-2:807214139497:security-group/sg-073cacb9c877075b0",
            "description": "Allow inbound HTTP traffic",
            "egress": [
              {
                "cidr_blocks": [
                  "0.0.0.0/0"
                ],
                "description": "All protocols to anywhere",
                "from_port": 0,
                "ipv6_cidr_blocks": [],
                "prefix_list_ids": [],
                "protocol": "-1",
                "security_groups": [],
                "self": false,
                "to_port": 0
              }
            ],
            "id": "sg-073cacb9c877075b0",
            "ingress": [
              {
                "cidr_blocks": [
                  "0.0.0.0/0"
                ],
                "description": "HTTP from anywhere",
                "from_port": 80,
                "ipv6_cidr_blocks": [],
                "prefix_list_ids": [],
                "protocol": "tcp",
                "security_groups": [],
                "self": false,
                "to_port": 80
              }
            ],
            "name": "template-management-cli-container",
            "name_prefix": null,
            "owner_id": "807214139497",
            "revoke_rules_on_delete": false,
            "tags": {
              "Name": "allow_tls"
            },
            "timeouts": null,
            "vpc_id": "vpc-9e6416e6"
          },
          "private": "eyJlMmJmYjczMC1lY2FhLTExZTYtOGY4OC0zNDM2M2JjN2M0YzAiOnsiY3JlYXRlIjo2MDAwMDAwMDAwMDAsImRlbGV0ZSI6NjAwMDAwMDAwMDAwfSwic2NoZW1hX3ZlcnNpb24iOiIxIn0="
        }
      ]
    }
  ]
}
