{
  "version": 4,
  "terraform_version": "0.12.26",
  "serial": 10,
  "lineage": "c5b9780f-3336-5cf8-dacd-3f14af51b386",
  "outputs": {},
  "resources": [
    {
      "mode": "data",
      "type": "aws_route53_zone",
      "name": "main",
      "provider": "provider.aws",
      "instances": [
        {
          "schema_version": 0,
          "attributes": {
            "caller_reference": "99291793-ECF6-ABCF-A4B3-9B3C51784B2F",
            "comment": "Goldstack dev DNS",
            "id": "Z0976835P2E6VVNHURE7",
            "linked_service_description": null,
            "linked_service_principal": null,
            "name": "dev.goldstack.party.",
            "name_servers": [
              "ns-558.awsdns-05.net",
              "ns-381.awsdns-47.com",
              "ns-1275.awsdns-31.org",
              "ns-1659.awsdns-15.co.uk"
            ],
            "private_zone": false,
            "resource_record_set_count": 28,
            "tags": {},
            "vpc_id": null,
            "zone_id": "Z0976835P2E6VVNHURE7"
          }
        }
      ]
    },
    {
      "mode": "managed",
      "type": "aws_route53_record",
      "name": "amazonses_dkim_record",
      "each": "list",
      "provider": "provider.aws",
      "instances": [
        {
          "index_key": 0,
          "schema_version": 2,
          "attributes": {
            "alias": [],
            "allow_overwrite": null,
            "failover_routing_policy": [],
            "fqdn": "hssoxertfcq3rd4ek2gyz4irmv2ayumy._domainkey.dev.goldstack.party",
            "geolocation_routing_policy": [],
            "health_check_id": null,
            "id": "Z0976835P2E6VVNHURE7_hssoxertfcq3rd4ek2gyz4irmv2ayumy._domainkey.dev.goldstack.party_CNAME",
            "latency_routing_policy": [],
            "multivalue_answer_routing_policy": null,
            "name": "hssoxertfcq3rd4ek2gyz4irmv2ayumy._domainkey.dev.goldstack.party",
            "records": [
              "hssoxertfcq3rd4ek2gyz4irmv2ayumy.dkim.amazonses.com"
            ],
            "set_identifier": null,
            "ttl": 600,
            "type": "CNAME",
            "weighted_routing_policy": [],
            "zone_id": "Z0976835P2E6VVNHURE7"
          },
          "private": "eyJzY2hlbWFfdmVyc2lvbiI6IjIifQ==",
          "dependencies": [
            "aws_ses_domain_dkim.ses_domain_dkim",
            "aws_ses_domain_identity.ses_domain"
          ]
        },
        {
          "index_key": 1,
          "schema_version": 2,
          "attributes": {
            "alias": [],
            "allow_overwrite": null,
            "failover_routing_policy": [],
            "fqdn": "6jvke4qw6da5etdx36hz6am74dcm22q4._domainkey.dev.goldstack.party",
            "geolocation_routing_policy": [],
            "health_check_id": null,
            "id": "Z0976835P2E6VVNHURE7_6jvke4qw6da5etdx36hz6am74dcm22q4._domainkey.dev.goldstack.party_CNAME",
            "latency_routing_policy": [],
            "multivalue_answer_routing_policy": null,
            "name": "6jvke4qw6da5etdx36hz6am74dcm22q4._domainkey.dev.goldstack.party",
            "records": [
              "6jvke4qw6da5etdx36hz6am74dcm22q4.dkim.amazonses.com"
            ],
            "set_identifier": null,
            "ttl": 600,
            "type": "CNAME",
            "weighted_routing_policy": [],
            "zone_id": "Z0976835P2E6VVNHURE7"
          },
          "private": "eyJzY2hlbWFfdmVyc2lvbiI6IjIifQ==",
          "dependencies": [
            "aws_ses_domain_dkim.ses_domain_dkim",
            "aws_ses_domain_identity.ses_domain"
          ]
        },
        {
          "index_key": 2,
          "schema_version": 2,
          "attributes": {
            "alias": [],
            "allow_overwrite": null,
            "failover_routing_policy": [],
            "fqdn": "z6bg3olrg4bexqyfa6nb5fq5ar42gdvq._domainkey.dev.goldstack.party",
            "geolocation_routing_policy": [],
            "health_check_id": null,
            "id": "Z0976835P2E6VVNHURE7_z6bg3olrg4bexqyfa6nb5fq5ar42gdvq._domainkey.dev.goldstack.party_CNAME",
            "latency_routing_policy": [],
            "multivalue_answer_routing_policy": null,
            "name": "z6bg3olrg4bexqyfa6nb5fq5ar42gdvq._domainkey.dev.goldstack.party",
            "records": [
              "z6bg3olrg4bexqyfa6nb5fq5ar42gdvq.dkim.amazonses.com"
            ],
            "set_identifier": null,
            "ttl": 600,
            "type": "CNAME",
            "weighted_routing_policy": [],
            "zone_id": "Z0976835P2E6VVNHURE7"
          },
          "private": "eyJzY2hlbWFfdmVyc2lvbiI6IjIifQ==",
          "dependencies": [
            "aws_ses_domain_dkim.ses_domain_dkim",
            "aws_ses_domain_identity.ses_domain"
          ]
        }
      ]
    },
    {
      "mode": "managed",
      "type": "aws_route53_record",
      "name": "amazonses_verification_record",
      "provider": "provider.aws",
      "instances": [
        {
          "schema_version": 2,
          "attributes": {
            "alias": [],
            "allow_overwrite": null,
            "failover_routing_policy": [],
            "fqdn": "_amazonses.dev.goldstack.party",
            "geolocation_routing_policy": [],
            "health_check_id": null,
            "id": "Z0976835P2E6VVNHURE7__amazonses.dev.goldstack.party_TXT",
            "latency_routing_policy": [],
            "multivalue_answer_routing_policy": null,
            "name": "_amazonses.dev.goldstack.party",
            "records": [
              "/STk2BObkADYxJtvkgir2TD3sL4jICWeDlVer8kuSq8="
            ],
            "set_identifier": null,
            "ttl": 600,
            "type": "TXT",
            "weighted_routing_policy": [],
            "zone_id": "Z0976835P2E6VVNHURE7"
          },
          "private": "eyJzY2hlbWFfdmVyc2lvbiI6IjIifQ==",
          "dependencies": [
            "aws_ses_domain_identity.ses_domain"
          ]
        }
      ]
    },
    {
      "mode": "managed",
      "type": "aws_route53_record",
      "name": "spf_domain",
      "provider": "provider.aws",
      "instances": [
        {
          "schema_version": 2,
          "attributes": {
            "alias": [],
            "allow_overwrite": null,
            "failover_routing_policy": [],
            "fqdn": "dev.goldstack.party",
            "geolocation_routing_policy": [],
            "health_check_id": null,
            "id": "Z0976835P2E6VVNHURE7_dev.goldstack.party_TXT",
            "latency_routing_policy": [],
            "multivalue_answer_routing_policy": null,
            "name": "dev.goldstack.party",
            "records": [
              "v=spf1 include:amazonses.com -all"
            ],
            "set_identifier": null,
            "ttl": 600,
            "type": "TXT",
            "weighted_routing_policy": [],
            "zone_id": "Z0976835P2E6VVNHURE7"
          },
          "private": "eyJzY2hlbWFfdmVyc2lvbiI6IjIifQ=="
        }
      ]
    },
    {
      "mode": "managed",
      "type": "aws_route53_record",
      "name": "spf_mail_from",
      "provider": "provider.aws",
      "instances": [
        {
          "schema_version": 2,
          "attributes": {
            "alias": [],
            "allow_overwrite": null,
            "failover_routing_policy": [],
            "fqdn": "mail.dev.goldstack.party",
            "geolocation_routing_policy": [],
            "health_check_id": null,
            "id": "Z0976835P2E6VVNHURE7_mail.dev.goldstack.party_TXT",
            "latency_routing_policy": [],
            "multivalue_answer_routing_policy": null,
            "name": "mail.dev.goldstack.party",
            "records": [
              "v=spf1 include:amazonses.com -all"
            ],
            "set_identifier": null,
            "ttl": 600,
            "type": "TXT",
            "weighted_routing_policy": [],
            "zone_id": "Z0976835P2E6VVNHURE7"
          },
          "private": "eyJzY2hlbWFfdmVyc2lvbiI6IjIifQ==",
          "dependencies": [
            "aws_ses_domain_identity.ses_domain",
            "aws_ses_domain_mail_from.main"
          ]
        }
      ]
    },
    {
      "mode": "managed",
      "type": "aws_ses_domain_dkim",
      "name": "ses_domain_dkim",
      "provider": "provider.aws",
      "instances": [
        {
          "schema_version": 0,
          "attributes": {
            "dkim_tokens": [
              "hssoxertfcq3rd4ek2gyz4irmv2ayumy",
              "6jvke4qw6da5etdx36hz6am74dcm22q4",
              "z6bg3olrg4bexqyfa6nb5fq5ar42gdvq"
            ],
            "domain": "dev.goldstack.party",
            "id": "dev.goldstack.party"
          },
          "private": "bnVsbA==",
          "dependencies": [
            "aws_ses_domain_identity.ses_domain"
          ]
        }
      ]
    },
    {
      "mode": "managed",
      "type": "aws_ses_domain_identity",
      "name": "ses_domain",
      "provider": "provider.aws",
      "instances": [
        {
          "schema_version": 0,
          "attributes": {
            "arn": "arn:aws:ses:us-west-2:475629728374:identity/dev.goldstack.party",
            "domain": "dev.goldstack.party",
            "id": "dev.goldstack.party",
            "verification_token": "/STk2BObkADYxJtvkgir2TD3sL4jICWeDlVer8kuSq8="
          },
          "private": "bnVsbA=="
        }
      ]
    },
    {
      "mode": "managed",
      "type": "aws_ses_domain_mail_from",
      "name": "main",
      "provider": "provider.aws",
      "instances": [
        {
          "schema_version": 0,
          "attributes": {
            "behavior_on_mx_failure": "UseDefaultValue",
            "domain": "dev.goldstack.party",
            "id": "dev.goldstack.party",
            "mail_from_domain": "mail.dev.goldstack.party"
          },
          "private": "bnVsbA==",
          "dependencies": [
            "aws_ses_domain_identity.ses_domain"
          ]
        }
      ]
    }
  ]
}
