{
  "version": 4,
  "terraform_version": "0.12.26",
  "serial": 16,
  "lineage": "365ec052-739f-9b48-2476-887dd2f28866",
  "outputs": {
    "website_cdn_root_id": {
      "value": "E27F04ORBSNBNS",
      "type": "string"
    }
  },
  "resources": [
    {
      "mode": "data",
      "type": "aws_acm_certificate",
      "name": "wildcard_website",
      "provider": "provider.aws.us-east-1",
      "instances": [
        {
          "schema_version": 0,
          "attributes": {
            "arn": "arn:aws:acm:us-east-1:475629728374:certificate/e2681a29-d9b8-4d2d-9c2c-54102fd4e94d",
            "domain": "static-website-aws.templates.dev.goldstack.party",
            "id": "2020-10-24 23:24:43.242840611 +0000 UTC",
            "key_types": null,
            "most_recent": true,
            "statuses": [
              "ISSUED"
            ],
            "tags": {
              "Changed": "2020-08-21 00:27 UTC",
              "ManagedBy": "terraform"
            },
            "types": null
          }
        }
      ]
    },
    {
      "mode": "data",
      "type": "aws_route53_zone",
      "name": "main",
      "provider": "provider.aws",
      "instances": [
        {
          "schema_version": 0,
          "attributes": {
            "caller_reference": "99291793-ECF6-ABCF-A4B3-9B3C51784B2F",
            "comment": "Goldstack dev DNS",
            "id": "Z0976835P2E6VVNHURE7",
            "linked_service_description": null,
            "linked_service_principal": null,
            "name": "dev.goldstack.party.",
            "name_servers": [
              "ns-558.awsdns-05.net",
              "ns-381.awsdns-47.com",
              "ns-1275.awsdns-31.org",
              "ns-1659.awsdns-15.co.uk"
            ],
            "private_zone": false,
            "resource_record_set_count": 37,
            "tags": {},
            "vpc_id": null,
            "zone_id": "Z0976835P2E6VVNHURE7"
          }
        }
      ]
    },
    {
      "mode": "managed",
      "type": "aws_acm_certificate",
      "name": "wildcard_website",
      "provider": "provider.aws.us-east-1",
      "instances": [
        {
          "schema_version": 0,
          "attributes": {
            "arn": "arn:aws:acm:us-east-1:475629728374:certificate/e2681a29-d9b8-4d2d-9c2c-54102fd4e94d",
            "certificate_authority_arn": "",
            "certificate_body": null,
            "certificate_chain": null,
            "domain_name": "static-website-aws.templates.dev.goldstack.party",
            "domain_validation_options": [
              {
                "domain_name": "static-website-aws.templates.dev.goldstack.party",
                "resource_record_name": "_6abc2ba970c1ab055851033c60fe21c0.static-website-aws.templates.dev.goldstack.party.",
                "resource_record_type": "CNAME",
                "resource_record_value": "_c6d3a76efe39d4b12cca548a9cd3bdee.zdxcnfdgtt.acm-validations.aws."
              },
              {
                "domain_name": "*.static-website-aws.templates.dev.goldstack.party",
                "resource_record_name": "_6abc2ba970c1ab055851033c60fe21c0.static-website-aws.templates.dev.goldstack.party.",
                "resource_record_type": "CNAME",
                "resource_record_value": "_c6d3a76efe39d4b12cca548a9cd3bdee.zdxcnfdgtt.acm-validations.aws."
              }
            ],
            "id": "arn:aws:acm:us-east-1:475629728374:certificate/e2681a29-d9b8-4d2d-9c2c-54102fd4e94d",
            "options": [
              {
                "certificate_transparency_logging_preference": "ENABLED"
              }
            ],
            "private_key": null,
            "status": "ISSUED",
            "subject_alternative_names": [
              "*.static-website-aws.templates.dev.goldstack.party"
            ],
            "tags": {
              "Changed": "2020-08-21 00:27 UTC",
              "ManagedBy": "terraform"
            },
            "validation_emails": [],
            "validation_method": "DNS"
          },
          "private": "bnVsbA=="
        }
      ]
    },
    {
      "mode": "managed",
      "type": "aws_acm_certificate_validation",
      "name": "wildcard_cert",
      "provider": "provider.aws.us-east-1",
      "instances": [
        {
          "schema_version": 0,
          "attributes": {
            "certificate_arn": "arn:aws:acm:us-east-1:475629728374:certificate/e2681a29-d9b8-4d2d-9c2c-54102fd4e94d",
            "id": "2020-08-21 00:29:10 +0000 UTC",
            "timeouts": null,
            "validation_record_fqdns": [
              "_6abc2ba970c1ab055851033c60fe21c0.static-website-aws.templates.dev.goldstack.party"
            ]
          },
          "private": "eyJlMmJmYjczMC1lY2FhLTExZTYtOGY4OC0zNDM2M2JjN2M0YzAiOnsiY3JlYXRlIjoyNzAwMDAwMDAwMDAwfX0=",
          "dependencies": [
            "aws_acm_certificate.wildcard_website",
            "aws_route53_record.wildcard_validation"
          ]
        }
      ]
    },
    {
      "mode": "managed",
      "type": "aws_cloudfront_distribution",
      "name": "website_cdn_redirect",
      "provider": "provider.aws.us-east-1",
      "instances": [
        {
          "schema_version": 1,
          "attributes": {
            "active_trusted_signers": {
              "enabled": "false",
              "items.#": "0"
            },
            "aliases": [
              "www.static-website-aws.templates.dev.goldstack.party"
            ],
            "arn": "arn:aws:cloudfront::475629728374:distribution/E3QUNFE87QH28Y",
            "cache_behavior": [],
            "caller_reference": "terraform-20200821002926264300000003",
            "comment": null,
            "custom_error_response": [],
            "default_cache_behavior": [
              {
                "allowed_methods": [
                  "DELETE",
                  "GET",
                  "HEAD",
                  "OPTIONS",
                  "PATCH",
                  "POST",
                  "PUT"
                ],
                "cached_methods": [
                  "GET",
                  "HEAD"
                ],
                "compress": true,
                "default_ttl": 1,
                "field_level_encryption_id": "",
                "forwarded_values": [
                  {
                    "cookies": [
                      {
                        "forward": "none",
                        "whitelisted_names": []
                      }
                    ],
                    "headers": [],
                    "query_string": false,
                    "query_string_cache_keys": []
                  }
                ],
                "lambda_function_association": [],
                "max_ttl": 1200,
                "min_ttl": 0,
                "smooth_streaming": false,
                "target_origin_id": "origin-bucket-static-website-aws.templates.dev.goldstack.party-redirect",
                "trusted_signers": [],
                "viewer_protocol_policy": "redirect-to-https"
              }
            ],
            "default_root_object": "",
            "domain_name": "d2hi0oyvx5sdoy.cloudfront.net",
            "enabled": true,
            "etag": "E2RTDXX57JPN7R",
            "hosted_zone_id": "Z2FDTNDATAQYW2",
            "http_version": "http2",
            "id": "E3QUNFE87QH28Y",
            "in_progress_validation_batches": 0,
            "is_ipv6_enabled": false,
            "last_modified_time": "2020-08-21 00:29:21.973 +0000 UTC",
            "logging_config": [],
            "ordered_cache_behavior": [],
            "origin": [
              {
                "custom_header": [],
                "custom_origin_config": [
                  {
                    "http_port": 80,
                    "https_port": 443,
                    "origin_keepalive_timeout": 5,
                    "origin_protocol_policy": "http-only",
                    "origin_read_timeout": 30,
                    "origin_ssl_protocols": [
                      "TLSv1.2"
                    ]
                  }
                ],
                "domain_name": "static-website-aws.templates.dev.goldstack.party-redirect.s3-website-us-west-2.amazonaws.com",
                "origin_id": "origin-bucket-static-website-aws.templates.dev.goldstack.party-redirect",
                "origin_path": "",
                "s3_origin_config": []
              }
            ],
            "origin_group": [],
            "price_class": "PriceClass_All",
            "restrictions": [
              {
                "geo_restriction": [
                  {
                    "locations": [],
                    "restriction_type": "none"
                  }
                ]
              }
            ],
            "retain_on_delete": false,
            "status": "Deployed",
            "tags": {
              "Changed": "2020-08-21 00:29 UTC",
              "ManagedBy": "terraform"
            },
            "viewer_certificate": [
              {
                "acm_certificate_arn": "arn:aws:acm:us-east-1:475629728374:certificate/e2681a29-d9b8-4d2d-9c2c-54102fd4e94d",
                "cloudfront_default_certificate": false,
                "iam_certificate_id": "",
                "minimum_protocol_version": "TLSv1",
                "ssl_support_method": "sni-only"
              }
            ],
            "wait_for_deployment": true,
            "web_acl_id": ""
          },
          "private": "eyJzY2hlbWFfdmVyc2lvbiI6IjEifQ==",
          "dependencies": [
            "aws_acm_certificate.wildcard_website",
            "aws_acm_certificate_validation.wildcard_cert",
            "aws_route53_record.wildcard_validation",
            "aws_s3_bucket.website_redirect"
          ]
        }
      ]
    },
    {
      "mode": "managed",
      "type": "aws_cloudfront_distribution",
      "name": "website_cdn_root",
      "provider": "provider.aws.us-east-1",
      "instances": [
        {
          "schema_version": 1,
          "attributes": {
            "active_trusted_signers": {
              "enabled": "false",
              "items.#": "0"
            },
            "aliases": [
              "static-website-aws.templates.dev.goldstack.party"
            ],
            "arn": "arn:aws:cloudfront::475629728374:distribution/E27F04ORBSNBNS",
            "cache_behavior": [],
            "caller_reference": "terraform-20200821002926263500000002",
            "comment": null,
            "custom_error_response": [
              {
                "error_caching_min_ttl": 60,
                "error_code": 404,
                "response_code": 404,
                "response_page_path": "/404.html"
              }
            ],
            "default_cache_behavior": [
              {
                "allowed_methods": [
                  "GET",
                  "HEAD",
                  "OPTIONS"
                ],
                "cached_methods": [
                  "GET",
                  "HEAD"
                ],
                "compress": true,
                "default_ttl": 1,
                "field_level_encryption_id": "",
                "forwarded_values": [
                  {
                    "cookies": [
                      {
                        "forward": "none",
                        "whitelisted_names": []
                      }
                    ],
                    "headers": [],
                    "query_string": false,
                    "query_string_cache_keys": []
                  }
                ],
                "lambda_function_association": [],
                "max_ttl": 1200,
                "min_ttl": 0,
                "smooth_streaming": false,
                "target_origin_id": "origin-bucket-static-website-aws.templates.dev.goldstack.party-root",
                "trusted_signers": [],
                "viewer_protocol_policy": "redirect-to-https"
              }
            ],
            "default_root_object": "index.html",
            "domain_name": "dtc1gi4jeqaxh.cloudfront.net",
            "enabled": true,
            "etag": "E1HPF64H4BX83T",
            "hosted_zone_id": "Z2FDTNDATAQYW2",
            "http_version": "http2",
            "id": "E27F04ORBSNBNS",
            "in_progress_validation_batches": 0,
            "is_ipv6_enabled": false,
            "last_modified_time": "2020-08-21 00:29:21.958 +0000 UTC",
            "logging_config": [],
            "ordered_cache_behavior": [],
            "origin": [
              {
                "custom_header": [],
                "custom_origin_config": [
                  {
                    "http_port": 80,
                    "https_port": 443,
                    "origin_keepalive_timeout": 5,
                    "origin_protocol_policy": "http-only",
                    "origin_read_timeout": 30,
                    "origin_ssl_protocols": [
                      "TLSv1.2"
                    ]
                  }
                ],
                "domain_name": "static-website-aws.templates.dev.goldstack.party-root.s3-website-us-west-2.amazonaws.com",
                "origin_id": "origin-bucket-static-website-aws.templates.dev.goldstack.party-root",
                "origin_path": "",
                "s3_origin_config": []
              }
            ],
            "origin_group": [],
            "price_class": "PriceClass_All",
            "restrictions": [
              {
                "geo_restriction": [
                  {
                    "locations": [],
                    "restriction_type": "none"
                  }
                ]
              }
            ],
            "retain_on_delete": false,
            "status": "Deployed",
            "tags": {
              "Changed": "2020-08-21 00:29 UTC",
              "ManagedBy": "terraform"
            },
            "viewer_certificate": [
              {
                "acm_certificate_arn": "arn:aws:acm:us-east-1:475629728374:certificate/e2681a29-d9b8-4d2d-9c2c-54102fd4e94d",
                "cloudfront_default_certificate": false,
                "iam_certificate_id": "",
                "minimum_protocol_version": "TLSv1",
                "ssl_support_method": "sni-only"
              }
            ],
            "wait_for_deployment": true,
            "web_acl_id": ""
          },
          "private": "eyJzY2hlbWFfdmVyc2lvbiI6IjEifQ==",
          "dependencies": [
            "aws_acm_certificate.wildcard_website",
            "aws_acm_certificate_validation.wildcard_cert",
            "aws_route53_record.wildcard_validation",
            "aws_s3_bucket.website_root"
          ]
        }
      ]
    },
    {
      "mode": "managed",
      "type": "aws_route53_record",
      "name": "website_cdn_redirect_record",
      "provider": "provider.aws",
      "instances": [
        {
          "schema_version": 2,
          "attributes": {
            "alias": [
              {
                "evaluate_target_health": false,
                "name": "d2hi0oyvx5sdoy.cloudfront.net",
                "zone_id": "Z2FDTNDATAQYW2"
              }
            ],
            "allow_overwrite": null,
            "failover_routing_policy": [],
            "fqdn": "www.static-website-aws.templates.dev.goldstack.party",
            "geolocation_routing_policy": [],
            "health_check_id": "",
            "id": "Z0976835P2E6VVNHURE7_www.static-website-aws.templates.dev.goldstack.party_A",
            "latency_routing_policy": [],
            "multivalue_answer_routing_policy": null,
            "name": "www.static-website-aws.templates.dev.goldstack.party",
            "records": [],
            "set_identifier": "",
            "ttl": 0,
            "type": "A",
            "weighted_routing_policy": [],
            "zone_id": "Z0976835P2E6VVNHURE7"
          },
          "private": "eyJzY2hlbWFfdmVyc2lvbiI6IjIifQ==",
          "dependencies": [
            "aws_acm_certificate.wildcard_website",
            "aws_acm_certificate_validation.wildcard_cert",
            "aws_cloudfront_distribution.website_cdn_redirect",
            "aws_route53_record.wildcard_validation",
            "aws_s3_bucket.website_redirect"
          ]
        }
      ]
    },
    {
      "mode": "managed",
      "type": "aws_route53_record",
      "name": "website_cdn_root_record",
      "provider": "provider.aws",
      "instances": [
        {
          "schema_version": 2,
          "attributes": {
            "alias": [
              {
                "evaluate_target_health": false,
                "name": "dtc1gi4jeqaxh.cloudfront.net",
                "zone_id": "Z2FDTNDATAQYW2"
              }
            ],
            "allow_overwrite": null,
            "failover_routing_policy": [],
            "fqdn": "static-website-aws.templates.dev.goldstack.party",
            "geolocation_routing_policy": [],
            "health_check_id": "",
            "id": "Z0976835P2E6VVNHURE7_static-website-aws.templates.dev.goldstack.party_A",
            "latency_routing_policy": [],
            "multivalue_answer_routing_policy": null,
            "name": "static-website-aws.templates.dev.goldstack.party",
            "records": [],
            "set_identifier": "",
            "ttl": 0,
            "type": "A",
            "weighted_routing_policy": [],
            "zone_id": "Z0976835P2E6VVNHURE7"
          },
          "private": "eyJzY2hlbWFfdmVyc2lvbiI6IjIifQ==",
          "dependencies": [
            "aws_acm_certificate.wildcard_website",
            "aws_acm_certificate_validation.wildcard_cert",
            "aws_cloudfront_distribution.website_cdn_root",
            "aws_route53_record.wildcard_validation",
            "aws_s3_bucket.website_root"
          ]
        }
      ]
    },
    {
      "mode": "managed",
      "type": "aws_route53_record",
      "name": "wildcard_validation",
      "provider": "provider.aws",
      "instances": [
        {
          "schema_version": 2,
          "attributes": {
            "alias": [],
            "allow_overwrite": null,
            "failover_routing_policy": [],
            "fqdn": "_6abc2ba970c1ab055851033c60fe21c0.static-website-aws.templates.dev.goldstack.party",
            "geolocation_routing_policy": [],
            "health_check_id": "",
            "id": "Z0976835P2E6VVNHURE7__6abc2ba970c1ab055851033c60fe21c0.static-website-aws.templates.dev.goldstack.party._CNAME",
            "latency_routing_policy": [],
            "multivalue_answer_routing_policy": null,
            "name": "_6abc2ba970c1ab055851033c60fe21c0.static-website-aws.templates.dev.goldstack.party",
            "records": [
              "_c6d3a76efe39d4b12cca548a9cd3bdee.zdxcnfdgtt.acm-validations.aws."
            ],
            "set_identifier": "",
            "ttl": 60,
            "type": "CNAME",
            "weighted_routing_policy": [],
            "zone_id": "Z0976835P2E6VVNHURE7"
          },
          "private": "eyJzY2hlbWFfdmVyc2lvbiI6IjIifQ==",
          "dependencies": [
            "aws_acm_certificate.wildcard_website"
          ]
        }
      ]
    },
    {
      "mode": "managed",
      "type": "aws_s3_bucket",
      "name": "website_redirect",
      "provider": "provider.aws",
      "instances": [
        {
          "schema_version": 0,
          "attributes": {
            "acceleration_status": "",
            "acl": "public-read",
            "arn": "arn:aws:s3:::static-website-aws.templates.dev.goldstack.party-redirect",
            "bucket": "static-website-aws.templates.dev.goldstack.party-redirect",
            "bucket_domain_name": "static-website-aws.templates.dev.goldstack.party-redirect.s3.amazonaws.com",
            "bucket_prefix": null,
            "bucket_regional_domain_name": "static-website-aws.templates.dev.goldstack.party-redirect.s3.us-west-2.amazonaws.com",
            "cors_rule": [],
            "force_destroy": true,
            "grant": [],
            "hosted_zone_id": "Z3BJ6K6RIION7M",
            "id": "static-website-aws.templates.dev.goldstack.party-redirect",
            "lifecycle_rule": [],
            "logging": [],
            "object_lock_configuration": [],
            "policy": "{\"Statement\":[{\"Action\":\"s3:GetObject\",\"Effect\":\"Allow\",\"Principal\":{\"AWS\":\"*\"},\"Resource\":\"arn:aws:s3:::static-website-aws.templates.dev.goldstack.party-redirect/*\",\"Sid\":\"PublicReadForGetBucketObjects\"}],\"Version\":\"2008-10-17\"}",
            "region": "us-west-2",
            "replication_configuration": [],
            "request_payer": "BucketOwner",
            "server_side_encryption_configuration": [],
            "tags": {
              "Changed": "2020-08-21 00:27 UTC",
              "ManagedBy": "terraform"
            },
            "versioning": [
              {
                "enabled": false,
                "mfa_delete": false
              }
            ],
            "website": [
              {
                "error_document": "",
                "index_document": "",
                "redirect_all_requests_to": "https://static-website-aws.templates.dev.goldstack.party",
                "routing_rules": ""
              }
            ],
            "website_domain": "s3-website-us-west-2.amazonaws.com",
            "website_endpoint": "static-website-aws.templates.dev.goldstack.party-redirect.s3-website-us-west-2.amazonaws.com"
          },
          "private": "bnVsbA=="
        }
      ]
    },
    {
      "mode": "managed",
      "type": "aws_s3_bucket",
      "name": "website_root",
      "provider": "provider.aws",
      "instances": [
        {
          "schema_version": 0,
          "attributes": {
            "acceleration_status": "",
            "acl": "public-read",
            "arn": "arn:aws:s3:::static-website-aws.templates.dev.goldstack.party-root",
            "bucket": "static-website-aws.templates.dev.goldstack.party-root",
            "bucket_domain_name": "static-website-aws.templates.dev.goldstack.party-root.s3.amazonaws.com",
            "bucket_prefix": null,
            "bucket_regional_domain_name": "static-website-aws.templates.dev.goldstack.party-root.s3.us-west-2.amazonaws.com",
            "cors_rule": [],
            "force_destroy": true,
            "grant": [],
            "hosted_zone_id": "Z3BJ6K6RIION7M",
            "id": "static-website-aws.templates.dev.goldstack.party-root",
            "lifecycle_rule": [],
            "logging": [],
            "object_lock_configuration": [],
            "policy": "{\"Statement\":[{\"Action\":\"s3:GetObject\",\"Effect\":\"Allow\",\"Principal\":{\"AWS\":\"*\"},\"Resource\":\"arn:aws:s3:::static-website-aws.templates.dev.goldstack.party-root/*\",\"Sid\":\"PublicReadForGetBucketObjects\"}],\"Version\":\"2008-10-17\"}",
            "region": "us-west-2",
            "replication_configuration": [],
            "request_payer": "BucketOwner",
            "server_side_encryption_configuration": [],
            "tags": {
              "Changed": "2020-08-21 00:27 UTC",
              "ManagedBy": "terraform"
            },
            "versioning": [
              {
                "enabled": false,
                "mfa_delete": false
              }
            ],
            "website": [
              {
                "error_document": "404.html",
                "index_document": "index.html",
                "redirect_all_requests_to": "",
                "routing_rules": ""
              }
            ],
            "website_domain": "s3-website-us-west-2.amazonaws.com",
            "website_endpoint": "static-website-aws.templates.dev.goldstack.party-root.s3-website-us-west-2.amazonaws.com"
          },
          "private": "bnVsbA=="
        }
      ]
    },
    {
      "mode": "managed",
      "type": "aws_s3_bucket_object",
      "name": "redirect_file",
      "provider": "provider.aws",
      "instances": [
        {
          "schema_version": 0,
          "attributes": {
            "acl": "private",
            "bucket": "static-website-aws.templates.dev.goldstack.party-redirect",
            "cache_control": "",
            "content": "Redirect placeholder.",
            "content_base64": null,
            "content_disposition": "",
            "content_encoding": "",
            "content_language": "",
            "content_type": "text/html",
            "etag": "038a9257fcf96796a469d16150a700a6",
            "force_destroy": true,
            "id": "index.html",
            "key": "index.html",
            "kms_key_id": null,
            "metadata": {},
            "object_lock_legal_hold_status": "",
            "object_lock_mode": "",
            "object_lock_retain_until_date": "",
            "server_side_encryption": "",
            "source": null,
            "storage_class": "STANDARD",
            "tags": {},
            "version_id": "",
            "website_redirect": "https://static-website-aws.templates.dev.goldstack.party/"
          },
          "private": "bnVsbA==",
          "dependencies": [
            "aws_s3_bucket.website_redirect"
          ]
        }
      ]
    }
  ]
}
