{
  "version": 4,
  "terraform_version": "0.12.26",
  "serial": 42,
  "lineage": "1d79f0bc-3af7-bc07-007a-1faf7ca94070",
  "outputs": {
    "cluster_name": {
      "value": "docker-image-aws-template-repo-cluster",
      "type": "string"
    },
    "container_security_group": {
      "value": "sg-09aa302e4e4124eeb",
      "type": "string"
    },
    "ecs_task_execution_role_arn": {
      "value": "arn:aws:iam::475629728374:role/ecs_task_execution_role_docker-image-aws-template-repo",
      "type": "string"
    },
    "ecs_task_role_arn": {
      "value": "arn:aws:iam::475629728374:role/ecs_task_role_docker-image-aws-template-repo",
      "type": "string"
    },
    "registry_id": {
      "value": "475629728374",
      "type": "string"
    },
    "repo_arn": {
      "value": "arn:aws:ecr:us-west-2:475629728374:repository/docker-image-aws-template-repo",
      "type": "string"
    },
    "repo_url": {
      "value": "475629728374.dkr.ecr.us-west-2.amazonaws.com/docker-image-aws-template-repo",
      "type": "string"
    },
    "subnet": {
      "value": "subnet-237db15b",
      "type": "string"
    },
    "vpc": {
      "value": "vpc-be1d6fc6",
      "type": "string"
    }
  },
  "resources": [
    {
      "mode": "data",
      "type": "aws_subnet_ids",
      "name": "default",
      "provider": "provider.aws",
      "instances": [
        {
          "schema_version": 0,
          "attributes": {
            "filter": null,
            "id": "vpc-be1d6fc6",
            "ids": [
              "subnet-237db15b",
              "subnet-93cf11ce",
              "subnet-be26cff4",
              "subnet-fab6e0d1"
            ],
            "tags": null,
            "vpc_id": "vpc-be1d6fc6"
          }
        }
      ]
    },
    {
      "mode": "data",
      "type": "aws_vpcs",
      "name": "default",
      "provider": "provider.aws",
      "instances": [
        {
          "schema_version": 0,
          "attributes": {
            "filter": [
              {
                "name": "isDefault",
                "values": [
                  "true"
                ]
              }
            ],
            "id": "2020-10-24 23:21:18.487413834 +0000 UTC",
            "ids": [
              "vpc-be1d6fc6"
            ],
            "tags": null
          }
        }
      ]
    },
    {
      "mode": "managed",
      "type": "aws_ecr_repository",
      "name": "main",
      "provider": "provider.aws",
      "instances": [
        {
          "schema_version": 0,
          "attributes": {
            "arn": "arn:aws:ecr:us-west-2:475629728374:repository/docker-image-aws-template-repo",
            "id": "docker-image-aws-template-repo",
            "image_scanning_configuration": [
              {
                "scan_on_push": true
              }
            ],
            "image_tag_mutability": "MUTABLE",
            "name": "docker-image-aws-template-repo",
            "registry_id": "475629728374",
            "repository_url": "475629728374.dkr.ecr.us-west-2.amazonaws.com/docker-image-aws-template-repo",
            "tags": {},
            "timeouts": null
          },
          "private": "eyJlMmJmYjczMC1lY2FhLTExZTYtOGY4OC0zNDM2M2JjN2M0YzAiOnsiZGVsZXRlIjoxMjAwMDAwMDAwMDAwfX0="
        }
      ]
    },
    {
      "mode": "managed",
      "type": "aws_ecs_cluster",
      "name": "main",
      "provider": "provider.aws",
      "instances": [
        {
          "schema_version": 0,
          "attributes": {
            "arn": "arn:aws:ecs:us-west-2:475629728374:cluster/docker-image-aws-template-repo-cluster",
            "capacity_providers": [],
            "default_capacity_provider_strategy": [],
            "id": "arn:aws:ecs:us-west-2:475629728374:cluster/docker-image-aws-template-repo-cluster",
            "name": "docker-image-aws-template-repo-cluster",
            "setting": [
              {
                "name": "containerInsights",
                "value": "disabled"
              }
            ],
            "tags": {}
          },
          "private": "bnVsbA=="
        }
      ]
    },
    {
      "mode": "managed",
      "type": "aws_iam_policy",
      "name": "ecs_cloud_watch_logs",
      "provider": "provider.aws",
      "instances": [
        {
          "schema_version": 0,
          "attributes": {
            "arn": "arn:aws:iam::475629728374:policy/ECS-CloudWatchLogs-docker-image-aws-template-repo",
            "description": "Grants access for ECS to CloudWatch logs",
            "id": "arn:aws:iam::475629728374:policy/ECS-CloudWatchLogs-docker-image-aws-template-repo",
            "name": "ECS-CloudWatchLogs-docker-image-aws-template-repo",
            "name_prefix": null,
            "path": "/",
            "policy": "{\n    \"Version\": \"2012-10-17\",\n    \"Statement\": [\n        {\n            \"Effect\": \"Allow\",\n            \"Action\": [\n                \"logs:CreateLogGroup\",\n                \"logs:CreateLogStream\",\n                \"logs:PutLogEvents\",\n                \"logs:DescribeLogStreams\"\n            ],\n            \"Resource\": [\n                \"arn:aws:logs:*:*:*\"\n            ]\n        }\n    ]\n}\n"
          },
          "private": "bnVsbA=="
        }
      ]
    },
    {
      "mode": "managed",
      "type": "aws_iam_role",
      "name": "ecs_task_execution_role",
      "provider": "provider.aws",
      "instances": [
        {
          "schema_version": 0,
          "attributes": {
            "arn": "arn:aws:iam::475629728374:role/ecs_task_execution_role_docker-image-aws-template-repo",
            "assume_role_policy": "{\"Version\":\"2012-10-17\",\"Statement\":[{\"Sid\":\"\",\"Effect\":\"Allow\",\"Principal\":{\"Service\":\"ecs-tasks.amazonaws.com\"},\"Action\":\"sts:AssumeRole\"}]}",
            "create_date": "2020-07-13T08:34:24Z",
            "description": "",
            "force_detach_policies": false,
            "id": "ecs_task_execution_role_docker-image-aws-template-repo",
            "max_session_duration": 3600,
            "name": "ecs_task_execution_role_docker-image-aws-template-repo",
            "name_prefix": null,
            "path": "/",
            "permissions_boundary": null,
            "tags": {},
            "unique_id": "AROAW5PN5WJ3L2X5C3W3L"
          },
          "private": "bnVsbA=="
        }
      ]
    },
    {
      "mode": "managed",
      "type": "aws_iam_role",
      "name": "ecs_task_role",
      "provider": "provider.aws",
      "instances": [
        {
          "schema_version": 0,
          "attributes": {
            "arn": "arn:aws:iam::475629728374:role/ecs_task_role_docker-image-aws-template-repo",
            "assume_role_policy": "{\"Version\":\"2012-10-17\",\"Statement\":[{\"Sid\":\"\",\"Effect\":\"Allow\",\"Principal\":{\"Service\":\"ecs-tasks.amazonaws.com\"},\"Action\":\"sts:AssumeRole\"}]}",
            "create_date": "2020-08-21T04:35:18Z",
            "description": "",
            "force_detach_policies": false,
            "id": "ecs_task_role_docker-image-aws-template-repo",
            "max_session_duration": 3600,
            "name": "ecs_task_role_docker-image-aws-template-repo",
            "name_prefix": null,
            "path": "/",
            "permissions_boundary": null,
            "tags": {},
            "unique_id": "AROAW5PN5WJ3DOPXJTAAS"
          },
          "private": "bnVsbA=="
        }
      ]
    },
    {
      "mode": "managed",
      "type": "aws_iam_role_policy_attachment",
      "name": "cloud_watch_logs",
      "provider": "provider.aws",
      "instances": [
        {
          "schema_version": 0,
          "attributes": {
            "id": "ecs_task_execution_role_docker-image-aws-template-repo-20200715212939608600000001",
            "policy_arn": "arn:aws:iam::475629728374:policy/ECS-CloudWatchLogs-docker-image-aws-template-repo",
            "role": "ecs_task_execution_role_docker-image-aws-template-repo"
          },
          "private": "bnVsbA==",
          "dependencies": [
            "aws_iam_policy.ecs_cloud_watch_logs",
            "aws_iam_role.ecs_task_execution_role"
          ]
        }
      ]
    },
    {
      "mode": "managed",
      "type": "aws_iam_role_policy_attachment",
      "name": "ecs_task_role_attach",
      "provider": "provider.aws",
      "instances": [
        {
          "schema_version": 0,
          "attributes": {
            "id": "ecs_task_role_docker-image-aws-template-repo-20200821043526214700000001",
            "policy_arn": "arn:aws:iam::aws:policy/AdministratorAccess",
            "role": "ecs_task_role_docker-image-aws-template-repo"
          },
          "private": "bnVsbA==",
          "dependencies": [
            "aws_iam_role.ecs_task_role"
          ]
        }
      ]
    },
    {
      "mode": "managed",
      "type": "aws_iam_role_policy_attachment",
      "name": "test_attach",
      "provider": "provider.aws",
      "instances": [
        {
          "schema_version": 0,
          "attributes": {
            "id": "ecs_task_execution_role_docker-image-aws-template-repo-20200713221448630200000001",
            "policy_arn": "arn:aws:iam::aws:policy/service-role/AmazonECSTaskExecutionRolePolicy",
            "role": "ecs_task_execution_role_docker-image-aws-template-repo"
          },
          "private": "bnVsbA==",
          "dependencies": [
            "aws_iam_role.ecs_task_execution_role"
          ]
        }
      ]
    },
    {
      "mode": "managed",
      "type": "aws_security_group",
      "name": "main",
      "provider": "provider.aws",
      "instances": [
        {
          "schema_version": 1,
          "attributes": {
            "arn": "arn:aws:ec2:us-west-2:475629728374:security-group/sg-09aa302e4e4124eeb",
            "description": "Allow inbound HTTP traffic",
            "egress": [
              {
                "cidr_blocks": [
                  "0.0.0.0/0"
                ],
                "description": "All protocols to anywhere",
                "from_port": 0,
                "ipv6_cidr_blocks": [],
                "prefix_list_ids": [],
                "protocol": "-1",
                "security_groups": [],
                "self": false,
                "to_port": 0
              }
            ],
            "id": "sg-09aa302e4e4124eeb",
            "ingress": [
              {
                "cidr_blocks": [
                  "0.0.0.0/0"
                ],
                "description": "HTTP from anywhere",
                "from_port": 80,
                "ipv6_cidr_blocks": [],
                "prefix_list_ids": [],
                "protocol": "tcp",
                "security_groups": [],
                "self": false,
                "to_port": 80
              }
            ],
            "name": "docker-image-aws-template-repo-container",
            "name_prefix": null,
            "owner_id": "475629728374",
            "revoke_rules_on_delete": false,
            "tags": {
              "Name": "allow_tls"
            },
            "timeouts": null,
            "vpc_id": "vpc-be1d6fc6"
          },
          "private": "eyJlMmJmYjczMC1lY2FhLTExZTYtOGY4OC0zNDM2M2JjN2M0YzAiOnsiY3JlYXRlIjo2MDAwMDAwMDAwMDAsImRlbGV0ZSI6NjAwMDAwMDAwMDAwfSwic2NoZW1hX3ZlcnNpb24iOiIxIn0="
        }
      ]
    }
  ]
}
