{
  "version": 4,
  "terraform_version": "0.12.26",
  "serial": 37,
  "lineage": "a5e0834d-d777-af05-baef-e1f9fd8123e6",
  "outputs": {
    "gateway_url": {
      "value": "https://2kc8exeqil.execute-api.us-west-2.amazonaws.com/prod",
      "type": "string"
    },
    "lambda_arn": {
      "value": "arn:aws:lambda:us-west-2:475629728374:function:goldstack-test-lambda-express",
      "type": "string"
    },
    "lambda_function_name": {
      "value": "goldstack-test-lambda-express",
      "type": "string"
    },
    "lambda_invoke_arn": {
      "value": "arn:aws:apigateway:us-west-2:lambda:path/2015-03-31/functions/arn:aws:lambda:us-west-2:475629728374:function:goldstack-test-lambda-express/invocations",
      "type": "string"
    }
  },
  "resources": [
    {
      "mode": "data",
      "type": "archive_file",
      "name": "empty_lambda",
      "provider": "provider.archive",
      "instances": [
        {
          "schema_version": 0,
          "attributes": {
            "excludes": null,
            "id": "8c24f3b90441dcf10d4308dd873623e0564e3a05",
            "output_base64sha256": "Xz3EPgpdLuicCyodq3A/25FGWqOOTHJ89d52YJEHLXk=",
            "output_md5": "c1df26a23092d8fc9040488726089961",
            "output_path": "./empty_lambda.zip",
            "output_sha": "8c24f3b90441dcf10d4308dd873623e0564e3a05",
            "output_size": 171,
            "source": [
              {
                "content": "exports.handler = function() { };",
                "filename": "lambda.js"
              }
            ],
            "source_content": null,
            "source_content_filename": null,
            "source_dir": null,
            "source_file": null,
            "type": "zip"
          }
        }
      ]
    },
    {
      "mode": "data",
      "type": "aws_acm_certificate",
      "name": "wildcard",
      "provider": "provider.aws.us-east-1",
      "instances": [
        {
          "schema_version": 0,
          "attributes": {
            "arn": "arn:aws:acm:us-east-1:475629728374:certificate/9d4b7b7d-df9b-444e-9a1d-f7eb8ab99977",
            "domain": "express-api.templates.dev.goldstack.party",
            "id": "2020-10-24 23:22:59.732226018 +0000 UTC",
            "key_types": null,
            "most_recent": true,
            "statuses": [
              "ISSUED"
            ],
            "tags": {
              "Changed": "2020-07-25 01:19 UTC",
              "ManagedBy": "goldstack-terraform"
            },
            "types": null
          }
        }
      ]
    },
    {
      "mode": "data",
      "type": "aws_route53_zone",
      "name": "main",
      "provider": "provider.aws",
      "instances": [
        {
          "schema_version": 0,
          "attributes": {
            "caller_reference": "99291793-ECF6-ABCF-A4B3-9B3C51784B2F",
            "comment": "Goldstack dev DNS",
            "id": "Z0976835P2E6VVNHURE7",
            "linked_service_description": null,
            "linked_service_principal": null,
            "name": "dev.goldstack.party.",
            "name_servers": [
              "ns-558.awsdns-05.net",
              "ns-381.awsdns-47.com",
              "ns-1275.awsdns-31.org",
              "ns-1659.awsdns-15.co.uk"
            ],
            "private_zone": false,
            "resource_record_set_count": 37,
            "tags": {},
            "vpc_id": null,
            "zone_id": "Z0976835P2E6VVNHURE7"
          }
        }
      ]
    },
    {
      "mode": "managed",
      "type": "aws_acm_certificate",
      "name": "wildcard",
      "provider": "provider.aws.us-east-1",
      "instances": [
        {
          "schema_version": 0,
          "attributes": {
            "arn": "arn:aws:acm:us-east-1:475629728374:certificate/9d4b7b7d-df9b-444e-9a1d-f7eb8ab99977",
            "certificate_authority_arn": "",
            "certificate_body": null,
            "certificate_chain": null,
            "domain_name": "express-api.templates.dev.goldstack.party",
            "domain_validation_options": [
              {
                "domain_name": "express-api.templates.dev.goldstack.party",
                "resource_record_name": "_a1aca5d65a2aaf026a6f0b38ec3f065f.express-api.templates.dev.goldstack.party.",
                "resource_record_type": "CNAME",
                "resource_record_value": "_2cf98c70f93ec856a55639035db94827.jfrzftwwjs.acm-validations.aws."
              },
              {
                "domain_name": "*.express-api.templates.dev.goldstack.party",
                "resource_record_name": "_a1aca5d65a2aaf026a6f0b38ec3f065f.express-api.templates.dev.goldstack.party.",
                "resource_record_type": "CNAME",
                "resource_record_value": "_2cf98c70f93ec856a55639035db94827.jfrzftwwjs.acm-validations.aws."
              }
            ],
            "id": "arn:aws:acm:us-east-1:475629728374:certificate/9d4b7b7d-df9b-444e-9a1d-f7eb8ab99977",
            "options": [
              {
                "certificate_transparency_logging_preference": "ENABLED"
              }
            ],
            "private_key": null,
            "status": "ISSUED",
            "subject_alternative_names": [
              "*.express-api.templates.dev.goldstack.party"
            ],
            "tags": {
              "Changed": "2020-07-25 01:19 UTC",
              "ManagedBy": "goldstack-terraform"
            },
            "validation_emails": [],
            "validation_method": "DNS"
          },
          "private": "bnVsbA=="
        }
      ]
    },
    {
      "mode": "managed",
      "type": "aws_acm_certificate_validation",
      "name": "wildcard_cert",
      "provider": "provider.aws.us-east-1",
      "instances": [
        {
          "schema_version": 0,
          "attributes": {
            "certificate_arn": "arn:aws:acm:us-east-1:475629728374:certificate/9d4b7b7d-df9b-444e-9a1d-f7eb8ab99977",
            "id": "2020-07-25 01:32:28 +0000 UTC",
            "timeouts": null,
            "validation_record_fqdns": [
              "_a1aca5d65a2aaf026a6f0b38ec3f065f.express-api.templates.dev.goldstack.party"
            ]
          },
          "private": "eyJlMmJmYjczMC1lY2FhLTExZTYtOGY4OC0zNDM2M2JjN2M0YzAiOnsiY3JlYXRlIjoyNzAwMDAwMDAwMDAwfX0=",
          "dependencies": [
            "aws_acm_certificate.wildcard",
            "aws_route53_record.wildcard_validation"
          ]
        }
      ]
    },
    {
      "mode": "managed",
      "type": "aws_api_gateway_base_path_mapping",
      "name": "base_path",
      "provider": "provider.aws",
      "instances": [
        {
          "schema_version": 0,
          "attributes": {
            "api_id": "2kc8exeqil",
            "base_path": "",
            "domain_name": "express-api.templates.dev.goldstack.party",
            "id": "express-api.templates.dev.goldstack.party/",
            "stage_name": "prod"
          },
          "private": "bnVsbA==",
          "dependencies": [
            "aws_acm_certificate.wildcard",
            "aws_acm_certificate_validation.wildcard_cert",
            "aws_api_gateway_deployment.main",
            "aws_api_gateway_domain_name.domain",
            "aws_api_gateway_rest_api.main",
            "aws_route53_record.wildcard_validation"
          ]
        }
      ]
    },
    {
      "mode": "managed",
      "type": "aws_api_gateway_deployment",
      "name": "main",
      "provider": "provider.aws",
      "instances": [
        {
          "schema_version": 0,
          "attributes": {
            "created_date": "2020-07-24T09:31:18Z",
            "description": "",
            "execution_arn": "arn:aws:execute-api:us-west-2:475629728374:2kc8exeqil/prod",
            "id": "4w1ko1",
            "invoke_url": "https://2kc8exeqil.execute-api.us-west-2.amazonaws.com/prod",
            "rest_api_id": "2kc8exeqil",
            "stage_description": null,
            "stage_name": "prod",
            "triggers": null,
            "variables": null
          },
          "private": "bnVsbA==",
          "dependencies": [
            "aws_api_gateway_integration.lambda",
            "aws_api_gateway_integration.lambda_root",
            "aws_api_gateway_rest_api.main"
          ]
        }
      ]
    },
    {
      "mode": "managed",
      "type": "aws_api_gateway_domain_name",
      "name": "domain",
      "provider": "provider.aws",
      "instances": [
        {
          "schema_version": 0,
          "attributes": {
            "arn": "arn:aws:apigateway:us-west-2::/domainnames/express-api.templates.dev.goldstack.party",
            "certificate_arn": "arn:aws:acm:us-east-1:475629728374:certificate/9d4b7b7d-df9b-444e-9a1d-f7eb8ab99977",
            "certificate_body": null,
            "certificate_chain": null,
            "certificate_name": "",
            "certificate_private_key": null,
            "certificate_upload_date": "2020-07-25T01:32:43Z",
            "cloudfront_domain_name": "d3ynf3w8ikww9.cloudfront.net",
            "cloudfront_zone_id": "Z2FDTNDATAQYW2",
            "domain_name": "express-api.templates.dev.goldstack.party",
            "endpoint_configuration": [
              {
                "types": [
                  "EDGE"
                ]
              }
            ],
            "id": "express-api.templates.dev.goldstack.party",
            "regional_certificate_arn": "",
            "regional_certificate_name": "",
            "regional_domain_name": "",
            "regional_zone_id": "",
            "security_policy": "TLS_1_0",
            "tags": {}
          },
          "private": "bnVsbA==",
          "dependencies": [
            "aws_acm_certificate.wildcard",
            "aws_acm_certificate_validation.wildcard_cert",
            "aws_route53_record.wildcard_validation"
          ]
        }
      ]
    },
    {
      "mode": "managed",
      "type": "aws_api_gateway_integration",
      "name": "lambda",
      "provider": "provider.aws",
      "instances": [
        {
          "schema_version": 0,
          "attributes": {
            "cache_key_parameters": [],
            "cache_namespace": "2dhmgq",
            "connection_id": "",
            "connection_type": "INTERNET",
            "content_handling": "",
            "credentials": "",
            "http_method": "ANY",
            "id": "agi-2kc8exeqil-2dhmgq-ANY",
            "integration_http_method": "POST",
            "passthrough_behavior": "WHEN_NO_MATCH",
            "request_parameters": {},
            "request_parameters_in_json": null,
            "request_templates": {},
            "resource_id": "2dhmgq",
            "rest_api_id": "2kc8exeqil",
            "timeout_milliseconds": 29000,
            "type": "AWS_PROXY",
            "uri": "arn:aws:apigateway:us-west-2:lambda:path/2015-03-31/functions/arn:aws:lambda:us-west-2:475629728374:function:goldstack-test-lambda-express/invocations"
          },
          "private": "bnVsbA==",
          "dependencies": [
            "aws_api_gateway_method.proxy",
            "aws_api_gateway_resource.proxy",
            "aws_api_gateway_rest_api.main",
            "aws_lambda_function.main"
          ]
        }
      ]
    },
    {
      "mode": "managed",
      "type": "aws_api_gateway_integration",
      "name": "lambda_root",
      "provider": "provider.aws",
      "instances": [
        {
          "schema_version": 0,
          "attributes": {
            "cache_key_parameters": [],
            "cache_namespace": "la62fjj2de",
            "connection_id": "",
            "connection_type": "INTERNET",
            "content_handling": "",
            "credentials": "",
            "http_method": "ANY",
            "id": "agi-2kc8exeqil-la62fjj2de-ANY",
            "integration_http_method": "POST",
            "passthrough_behavior": "WHEN_NO_MATCH",
            "request_parameters": {},
            "request_parameters_in_json": null,
            "request_templates": {},
            "resource_id": "la62fjj2de",
            "rest_api_id": "2kc8exeqil",
            "timeout_milliseconds": 29000,
            "type": "AWS_PROXY",
            "uri": "arn:aws:apigateway:us-west-2:lambda:path/2015-03-31/functions/arn:aws:lambda:us-west-2:475629728374:function:goldstack-test-lambda-express/invocations"
          },
          "private": "bnVsbA==",
          "dependencies": [
            "aws_api_gateway_method.proxy_root",
            "aws_api_gateway_rest_api.main",
            "aws_lambda_function.main"
          ]
        }
      ]
    },
    {
      "mode": "managed",
      "type": "aws_api_gateway_method",
      "name": "proxy",
      "provider": "provider.aws",
      "instances": [
        {
          "schema_version": 0,
          "attributes": {
            "api_key_required": false,
            "authorization": "NONE",
            "authorization_scopes": [],
            "authorizer_id": "",
            "http_method": "ANY",
            "id": "agm-2kc8exeqil-2dhmgq-ANY",
            "request_models": {},
            "request_parameters": {},
            "request_parameters_in_json": null,
            "request_validator_id": "",
            "resource_id": "2dhmgq",
            "rest_api_id": "2kc8exeqil"
          },
          "private": "bnVsbA==",
          "dependencies": [
            "aws_api_gateway_resource.proxy",
            "aws_api_gateway_rest_api.main"
          ]
        }
      ]
    },
    {
      "mode": "managed",
      "type": "aws_api_gateway_method",
      "name": "proxy_root",
      "provider": "provider.aws",
      "instances": [
        {
          "schema_version": 0,
          "attributes": {
            "api_key_required": false,
            "authorization": "NONE",
            "authorization_scopes": [],
            "authorizer_id": "",
            "http_method": "ANY",
            "id": "agm-2kc8exeqil-la62fjj2de-ANY",
            "request_models": {},
            "request_parameters": {},
            "request_parameters_in_json": null,
            "request_validator_id": "",
            "resource_id": "la62fjj2de",
            "rest_api_id": "2kc8exeqil"
          },
          "private": "bnVsbA==",
          "dependencies": [
            "aws_api_gateway_rest_api.main"
          ]
        }
      ]
    },
    {
      "mode": "managed",
      "type": "aws_api_gateway_resource",
      "name": "proxy",
      "provider": "provider.aws",
      "instances": [
        {
          "schema_version": 0,
          "attributes": {
            "id": "2dhmgq",
            "parent_id": "la62fjj2de",
            "path": "/{proxy+}",
            "path_part": "{proxy+}",
            "rest_api_id": "2kc8exeqil"
          },
          "private": "bnVsbA==",
          "dependencies": [
            "aws_api_gateway_rest_api.main"
          ]
        }
      ]
    },
    {
      "mode": "managed",
      "type": "aws_api_gateway_rest_api",
      "name": "main",
      "provider": "provider.aws",
      "instances": [
        {
          "schema_version": 0,
          "attributes": {
            "api_key_source": "HEADER",
            "arn": "arn:aws:apigateway:us-west-2::/restapis/2kc8exeqil",
            "binary_media_types": [],
            "body": null,
            "created_date": "2020-07-24T09:11:44Z",
            "description": "Goldstack lambda deployment goldstack-test-lambda-express",
            "endpoint_configuration": [
              {
                "types": [
                  "EDGE"
                ],
                "vpc_endpoint_ids": []
              }
            ],
            "execution_arn": "arn:aws:execute-api:us-west-2:475629728374:2kc8exeqil",
            "id": "2kc8exeqil",
            "minimum_compression_size": -1,
            "name": "goldstack-test-lambda-express-gateway",
            "policy": "",
            "root_resource_id": "la62fjj2de",
            "tags": {}
          },
          "private": "bnVsbA=="
        }
      ]
    },
    {
      "mode": "managed",
      "type": "aws_iam_policy",
      "name": "lambda_logging",
      "provider": "provider.aws",
      "instances": [
        {
          "schema_version": 0,
          "attributes": {
            "arn": "arn:aws:iam::475629728374:policy/goldstack-test-lambda-express-lambda-logging-role",
            "description": "IAM policy for logging from a lambda",
            "id": "arn:aws:iam::475629728374:policy/goldstack-test-lambda-express-lambda-logging-role",
            "name": "goldstack-test-lambda-express-lambda-logging-role",
            "name_prefix": null,
            "path": "/",
            "policy": "{\n  \"Version\": \"2012-10-17\",\n  \"Statement\": [\n    {\n      \"Action\": [\n        \"logs:CreateLogGroup\",\n        \"logs:CreateLogStream\",\n        \"logs:PutLogEvents\"\n      ],\n      \"Resource\": \"arn:aws:logs:*:*:*\",\n      \"Effect\": \"Allow\"\n    }\n  ]\n}\n"
          },
          "private": "bnVsbA=="
        }
      ]
    },
    {
      "mode": "managed",
      "type": "aws_iam_role",
      "name": "lambda_exec",
      "provider": "provider.aws",
      "instances": [
        {
          "schema_version": 0,
          "attributes": {
            "arn": "arn:aws:iam::475629728374:role/goldstack-test-lambda-express-role",
            "assume_role_policy": "{\"Version\":\"2012-10-17\",\"Statement\":[{\"Sid\":\"\",\"Effect\":\"Allow\",\"Principal\":{\"Service\":\"lambda.amazonaws.com\"},\"Action\":\"sts:AssumeRole\"}]}",
            "create_date": "2020-07-23T21:56:03Z",
            "description": "",
            "force_detach_policies": false,
            "id": "goldstack-test-lambda-express-role",
            "max_session_duration": 3600,
            "name": "goldstack-test-lambda-express-role",
            "name_prefix": null,
            "path": "/",
            "permissions_boundary": null,
            "tags": {},
            "unique_id": "AROAW5PN5WJ3BODAI34SJ"
          },
          "private": "bnVsbA=="
        }
      ]
    },
    {
      "mode": "managed",
      "type": "aws_iam_role_policy_attachment",
      "name": "lambda_admin_role_attach",
      "provider": "provider.aws",
      "instances": [
        {
          "schema_version": 0,
          "attributes": {
            "id": "goldstack-test-lambda-express-role-20200723215606427400000001",
            "policy_arn": "arn:aws:iam::aws:policy/AdministratorAccess",
            "role": "goldstack-test-lambda-express-role"
          },
          "private": "bnVsbA==",
          "dependencies": [
            "aws_iam_role.lambda_exec"
          ]
        }
      ]
    },
    {
      "mode": "managed",
      "type": "aws_iam_role_policy_attachment",
      "name": "lambda_logs",
      "provider": "provider.aws",
      "instances": [
        {
          "schema_version": 0,
          "attributes": {
            "id": "goldstack-test-lambda-express-role-20200723215607230900000002",
            "policy_arn": "arn:aws:iam::475629728374:policy/goldstack-test-lambda-express-lambda-logging-role",
            "role": "goldstack-test-lambda-express-role"
          },
          "private": "bnVsbA==",
          "dependencies": [
            "aws_iam_policy.lambda_logging",
            "aws_iam_role.lambda_exec"
          ]
        }
      ]
    },
    {
      "mode": "managed",
      "type": "aws_lambda_function",
      "name": "main",
      "provider": "provider.aws",
      "instances": [
        {
          "schema_version": 0,
          "attributes": {
            "arn": "arn:aws:lambda:us-west-2:475629728374:function:goldstack-test-lambda-express",
            "dead_letter_config": [],
            "description": "",
            "environment": [
              {
                "variables": {
                  "CORS": "https://app-nextjs-bootstrap.templates.dev.goldstack.party",
                  "GOLDSTACK_DEPLOYMENT": "prod"
                }
              }
            ],
            "filename": "./empty_lambda.zip",
            "function_name": "goldstack-test-lambda-express",
            "handler": "lambda.handler",
            "id": "goldstack-test-lambda-express",
            "invoke_arn": "arn:aws:apigateway:us-west-2:lambda:path/2015-03-31/functions/arn:aws:lambda:us-west-2:475629728374:function:goldstack-test-lambda-express/invocations",
            "kms_key_arn": "",
            "last_modified": "2020-10-24T23:15:53.187+0000",
            "layers": [],
            "memory_size": 2048,
            "publish": false,
            "qualified_arn": "arn:aws:lambda:us-west-2:475629728374:function:goldstack-test-lambda-express:$LATEST",
            "reserved_concurrent_executions": -1,
            "role": "arn:aws:iam::475629728374:role/goldstack-test-lambda-express-role",
            "runtime": "nodejs12.x",
            "s3_bucket": null,
            "s3_key": null,
            "s3_object_version": null,
            "source_code_hash": "H6FUPaXR13pxtHvwioFC1pWEWXgRZqAk4kHUil9lwKw=",
            "source_code_size": 554436,
            "tags": {},
            "timeout": 900,
            "timeouts": null,
            "tracing_config": [
              {
                "mode": "PassThrough"
              }
            ],
            "version": "$LATEST",
            "vpc_config": []
          },
          "private": "eyJlMmJmYjczMC1lY2FhLTExZTYtOGY4OC0zNDM2M2JjN2M0YzAiOnsiY3JlYXRlIjo2MDAwMDAwMDAwMDB9fQ==",
          "dependencies": [
            "aws_iam_role.lambda_exec"
          ]
        }
      ]
    },
    {
      "mode": "managed",
      "type": "aws_lambda_permission",
      "name": "lambda_permission",
      "provider": "provider.aws",
      "instances": [
        {
          "schema_version": 0,
          "attributes": {
            "action": "lambda:InvokeFunction",
            "event_source_token": null,
            "function_name": "goldstack-test-lambda-express",
            "id": "AllowLambdaInvoke-goldstack-test-lambda-express",
            "principal": "apigateway.amazonaws.com",
            "qualifier": "",
            "source_account": null,
            "source_arn": "arn:aws:execute-api:us-west-2:475629728374:2kc8exeqil/*/*/*",
            "statement_id": "AllowLambdaInvoke-goldstack-test-lambda-express",
            "statement_id_prefix": null
          },
          "private": "bnVsbA==",
          "dependencies": [
            "aws_api_gateway_rest_api.main",
            "aws_lambda_function.main"
          ]
        }
      ]
    },
    {
      "mode": "managed",
      "type": "aws_route53_record",
      "name": "a",
      "provider": "provider.aws",
      "instances": [
        {
          "schema_version": 2,
          "attributes": {
            "alias": [
              {
                "evaluate_target_health": false,
                "name": "d3ynf3w8ikww9.cloudfront.net",
                "zone_id": "Z2FDTNDATAQYW2"
              }
            ],
            "allow_overwrite": null,
            "failover_routing_policy": [],
            "fqdn": "express-api.templates.dev.goldstack.party",
            "geolocation_routing_policy": [],
            "health_check_id": "",
            "id": "Z0976835P2E6VVNHURE7_express-api.templates.dev.goldstack.party_A",
            "latency_routing_policy": [],
            "multivalue_answer_routing_policy": null,
            "name": "express-api.templates.dev.goldstack.party",
            "records": [],
            "set_identifier": "",
            "ttl": 0,
            "type": "A",
            "weighted_routing_policy": [],
            "zone_id": "Z0976835P2E6VVNHURE7"
          },
          "private": "eyJzY2hlbWFfdmVyc2lvbiI6IjIifQ==",
          "dependencies": [
            "aws_acm_certificate.wildcard",
            "aws_acm_certificate_validation.wildcard_cert",
            "aws_api_gateway_domain_name.domain",
            "aws_route53_record.wildcard_validation"
          ]
        }
      ]
    },
    {
      "mode": "managed",
      "type": "aws_route53_record",
      "name": "wildcard_validation",
      "provider": "provider.aws",
      "instances": [
        {
          "schema_version": 2,
          "attributes": {
            "alias": [],
            "allow_overwrite": null,
            "failover_routing_policy": [],
            "fqdn": "_a1aca5d65a2aaf026a6f0b38ec3f065f.express-api.templates.dev.goldstack.party",
            "geolocation_routing_policy": [],
            "health_check_id": "",
            "id": "Z0976835P2E6VVNHURE7__a1aca5d65a2aaf026a6f0b38ec3f065f.express-api.templates.dev.goldstack.party._CNAME",
            "latency_routing_policy": [],
            "multivalue_answer_routing_policy": null,
            "name": "_a1aca5d65a2aaf026a6f0b38ec3f065f.express-api.templates.dev.goldstack.party",
            "records": [
              "_2cf98c70f93ec856a55639035db94827.jfrzftwwjs.acm-validations.aws."
            ],
            "set_identifier": "",
            "ttl": 60,
            "type": "CNAME",
            "weighted_routing_policy": [],
            "zone_id": "Z0976835P2E6VVNHURE7"
          },
          "private": "eyJzY2hlbWFfdmVyc2lvbiI6IjIifQ==",
          "dependencies": [
            "aws_acm_certificate.wildcard"
          ]
        }
      ]
    }
  ]
}
