{
  "version": 4,
  "terraform_version": "0.12.26",
  "serial": 12,
  "lineage": "b99b9f12-1a8b-45c9-9d94-93b472f57f70",
  "outputs": {
    "website_cdn_root_id": {
      "value": "E2EHR0PJWS3XFK",
      "type": "string"
    }
  },
  "resources": [
    {
      "mode": "data",
      "type": "aws_acm_certificate",
      "name": "wildcard_website",
      "provider": "provider.aws.us-east-1",
      "instances": [
        {
          "schema_version": 0,
          "attributes": {
            "arn": "arn:aws:acm:us-east-1:807214139497:certificate/28f545a1-edeb-4ed0-8eba-9c5752494651",
            "domain": "cdn.goldstack.party",
            "id": "2020-10-03 00:38:54.42742 +0000 UTC",
            "key_types": null,
            "most_recent": true,
            "statuses": [
              "ISSUED"
            ],
            "tags": {
              "Changed": "2020-10-03 00:37 UTC",
              "ManagedBy": "terraform"
            },
            "types": null
          }
        }
      ]
    },
    {
      "mode": "data",
      "type": "aws_route53_zone",
      "name": "main",
      "provider": "provider.aws",
      "instances": [
        {
          "schema_version": 0,
          "attributes": {
            "caller_reference": "0A7613F4-72DF-AEF3-AB60-123A3423A0E8",
            "comment": "Prod Goldstack DNS",
            "id": "Z09768259Z4N8PRQS67U",
            "linked_service_description": null,
            "linked_service_principal": null,
            "name": "goldstack.party.",
            "name_servers": [
              "ns-1205.awsdns-22.org",
              "ns-888.awsdns-47.net",
              "ns-371.awsdns-46.com",
              "ns-1911.awsdns-46.co.uk"
            ],
            "private_zone": false,
            "resource_record_set_count": 18,
            "tags": {},
            "vpc_id": null,
            "zone_id": "Z09768259Z4N8PRQS67U"
          }
        }
      ]
    },
    {
      "mode": "managed",
      "type": "aws_acm_certificate",
      "name": "wildcard_website",
      "provider": "provider.aws.us-east-1",
      "instances": [
        {
          "schema_version": 0,
          "attributes": {
            "arn": "arn:aws:acm:us-east-1:807214139497:certificate/28f545a1-edeb-4ed0-8eba-9c5752494651",
            "certificate_authority_arn": "",
            "certificate_body": null,
            "certificate_chain": null,
            "domain_name": "cdn.goldstack.party",
            "domain_validation_options": [
              {
                "domain_name": "cdn.goldstack.party",
                "resource_record_name": "_9d0d44e6d2dc082df5a77d621f1d5bd7.cdn.goldstack.party.",
                "resource_record_type": "CNAME",
                "resource_record_value": "_919f553421942d83e2c11b3d1104d156.bsgbmzkfwj.acm-validations.aws."
              },
              {
                "domain_name": "*.cdn.goldstack.party",
                "resource_record_name": "_9d0d44e6d2dc082df5a77d621f1d5bd7.cdn.goldstack.party.",
                "resource_record_type": "CNAME",
                "resource_record_value": "_919f553421942d83e2c11b3d1104d156.bsgbmzkfwj.acm-validations.aws."
              }
            ],
            "id": "arn:aws:acm:us-east-1:807214139497:certificate/28f545a1-edeb-4ed0-8eba-9c5752494651",
            "options": [
              {
                "certificate_transparency_logging_preference": "ENABLED"
              }
            ],
            "private_key": null,
            "status": "PENDING_VALIDATION",
            "subject_alternative_names": [
              "*.cdn.goldstack.party"
            ],
            "tags": {
              "Changed": "2020-10-03 00:37 UTC",
              "ManagedBy": "terraform"
            },
            "validation_emails": [],
            "validation_method": "DNS"
          },
          "private": "bnVsbA=="
        }
      ]
    },
    {
      "mode": "managed",
      "type": "aws_acm_certificate_validation",
      "name": "wildcard_cert",
      "provider": "provider.aws.us-east-1",
      "instances": [
        {
          "schema_version": 0,
          "attributes": {
            "certificate_arn": "arn:aws:acm:us-east-1:807214139497:certificate/28f545a1-edeb-4ed0-8eba-9c5752494651",
            "id": "2020-10-03 00:38:17 +0000 UTC",
            "timeouts": null,
            "validation_record_fqdns": [
              "_9d0d44e6d2dc082df5a77d621f1d5bd7.cdn.goldstack.party"
            ]
          },
          "private": "eyJlMmJmYjczMC1lY2FhLTExZTYtOGY4OC0zNDM2M2JjN2M0YzAiOnsiY3JlYXRlIjoyNzAwMDAwMDAwMDAwfX0=",
          "dependencies": [
            "aws_acm_certificate.wildcard_website",
            "aws_route53_record.wildcard_validation"
          ]
        }
      ]
    },
    {
      "mode": "managed",
      "type": "aws_cloudfront_distribution",
      "name": "website_cdn_redirect",
      "provider": "provider.aws.us-east-1",
      "instances": [
        {
          "schema_version": 1,
          "attributes": {
            "active_trusted_signers": {
              "enabled": "false",
              "items.#": "0"
            },
            "aliases": [
              "www.cdn.goldstack.party"
            ],
            "arn": "arn:aws:cloudfront::807214139497:distribution/ENQPMVLA2M87N",
            "cache_behavior": [],
            "caller_reference": "terraform-20201003003855628600000003",
            "comment": null,
            "custom_error_response": [],
            "default_cache_behavior": [
              {
                "allowed_methods": [
                  "DELETE",
                  "GET",
                  "HEAD",
                  "OPTIONS",
                  "PATCH",
                  "POST",
                  "PUT"
                ],
                "cached_methods": [
                  "GET",
                  "HEAD"
                ],
                "compress": true,
                "default_ttl": 1,
                "field_level_encryption_id": "",
                "forwarded_values": [
                  {
                    "cookies": [
                      {
                        "forward": "none",
                        "whitelisted_names": null
                      }
                    ],
                    "headers": null,
                    "query_string": false,
                    "query_string_cache_keys": null
                  }
                ],
                "lambda_function_association": [],
                "max_ttl": 1200,
                "min_ttl": 0,
                "smooth_streaming": false,
                "target_origin_id": "origin-bucket-cdn.goldstack.party-redirect",
                "trusted_signers": null,
                "viewer_protocol_policy": "redirect-to-https"
              }
            ],
            "default_root_object": "",
            "domain_name": "d1txwmtxbwvmqy.cloudfront.net",
            "enabled": true,
            "etag": "E2OKWDURQA3EQE",
            "hosted_zone_id": "Z2FDTNDATAQYW2",
            "http_version": "http2",
            "id": "ENQPMVLA2M87N",
            "in_progress_validation_batches": 0,
            "is_ipv6_enabled": false,
            "last_modified_time": "2020-10-03 00:38:57.003 +0000 UTC",
            "logging_config": [],
            "ordered_cache_behavior": [],
            "origin": [
              {
                "custom_header": [],
                "custom_origin_config": [
                  {
                    "http_port": 80,
                    "https_port": 443,
                    "origin_keepalive_timeout": 5,
                    "origin_protocol_policy": "http-only",
                    "origin_read_timeout": 30,
                    "origin_ssl_protocols": [
                      "TLSv1.2"
                    ]
                  }
                ],
                "domain_name": "cdn.goldstack.party-redirect.s3-website-us-west-2.amazonaws.com",
                "origin_id": "origin-bucket-cdn.goldstack.party-redirect",
                "origin_path": "",
                "s3_origin_config": []
              }
            ],
            "origin_group": [],
            "price_class": "PriceClass_All",
            "restrictions": [
              {
                "geo_restriction": [
                  {
                    "locations": null,
                    "restriction_type": "none"
                  }
                ]
              }
            ],
            "retain_on_delete": false,
            "status": "Deployed",
            "tags": {
              "Changed": "2020-10-03 00:38 UTC",
              "ManagedBy": "terraform"
            },
            "viewer_certificate": [
              {
                "acm_certificate_arn": "arn:aws:acm:us-east-1:807214139497:certificate/28f545a1-edeb-4ed0-8eba-9c5752494651",
                "cloudfront_default_certificate": false,
                "iam_certificate_id": "",
                "minimum_protocol_version": "TLSv1",
                "ssl_support_method": "sni-only"
              }
            ],
            "wait_for_deployment": true,
            "web_acl_id": ""
          },
          "private": "eyJzY2hlbWFfdmVyc2lvbiI6IjEifQ==",
          "dependencies": [
            "aws_acm_certificate.wildcard_website",
            "aws_acm_certificate_validation.wildcard_cert",
            "aws_route53_record.wildcard_validation",
            "aws_s3_bucket.website_redirect"
          ]
        }
      ]
    },
    {
      "mode": "managed",
      "type": "aws_cloudfront_distribution",
      "name": "website_cdn_root",
      "provider": "provider.aws.us-east-1",
      "instances": [
        {
          "schema_version": 1,
          "attributes": {
            "active_trusted_signers": {
              "enabled": "false",
              "items.#": "0"
            },
            "aliases": [
              "cdn.goldstack.party"
            ],
            "arn": "arn:aws:cloudfront::807214139497:distribution/E2EHR0PJWS3XFK",
            "cache_behavior": [],
            "caller_reference": "terraform-20201003003855624000000002",
            "comment": null,
            "custom_error_response": [
              {
                "error_caching_min_ttl": 60,
                "error_code": 404,
                "response_code": 404,
                "response_page_path": "/404.html"
              }
            ],
            "default_cache_behavior": [
              {
                "allowed_methods": [
                  "GET",
                  "HEAD",
                  "OPTIONS"
                ],
                "cached_methods": [
                  "GET",
                  "HEAD"
                ],
                "compress": true,
                "default_ttl": 1,
                "field_level_encryption_id": "",
                "forwarded_values": [
                  {
                    "cookies": [
                      {
                        "forward": "none",
                        "whitelisted_names": null
                      }
                    ],
                    "headers": null,
                    "query_string": false,
                    "query_string_cache_keys": null
                  }
                ],
                "lambda_function_association": [],
                "max_ttl": 1200,
                "min_ttl": 0,
                "smooth_streaming": false,
                "target_origin_id": "origin-bucket-cdn.goldstack.party-root",
                "trusted_signers": null,
                "viewer_protocol_policy": "redirect-to-https"
              }
            ],
            "default_root_object": "index.html",
            "domain_name": "d2zpjv2ak5kygv.cloudfront.net",
            "enabled": true,
            "etag": "E3VQGS3WGE2W7D",
            "hosted_zone_id": "Z2FDTNDATAQYW2",
            "http_version": "http2",
            "id": "E2EHR0PJWS3XFK",
            "in_progress_validation_batches": 0,
            "is_ipv6_enabled": false,
            "last_modified_time": "2020-10-03 00:38:58.422 +0000 UTC",
            "logging_config": [],
            "ordered_cache_behavior": [],
            "origin": [
              {
                "custom_header": [],
                "custom_origin_config": [
                  {
                    "http_port": 80,
                    "https_port": 443,
                    "origin_keepalive_timeout": 5,
                    "origin_protocol_policy": "http-only",
                    "origin_read_timeout": 30,
                    "origin_ssl_protocols": [
                      "TLSv1.2"
                    ]
                  }
                ],
                "domain_name": "cdn.goldstack.party-root.s3-website-us-west-2.amazonaws.com",
                "origin_id": "origin-bucket-cdn.goldstack.party-root",
                "origin_path": "",
                "s3_origin_config": []
              }
            ],
            "origin_group": [],
            "price_class": "PriceClass_All",
            "restrictions": [
              {
                "geo_restriction": [
                  {
                    "locations": null,
                    "restriction_type": "none"
                  }
                ]
              }
            ],
            "retain_on_delete": false,
            "status": "Deployed",
            "tags": {
              "Changed": "2020-10-03 00:38 UTC",
              "ManagedBy": "terraform"
            },
            "viewer_certificate": [
              {
                "acm_certificate_arn": "arn:aws:acm:us-east-1:807214139497:certificate/28f545a1-edeb-4ed0-8eba-9c5752494651",
                "cloudfront_default_certificate": false,
                "iam_certificate_id": "",
                "minimum_protocol_version": "TLSv1",
                "ssl_support_method": "sni-only"
              }
            ],
            "wait_for_deployment": true,
            "web_acl_id": ""
          },
          "private": "eyJzY2hlbWFfdmVyc2lvbiI6IjEifQ==",
          "dependencies": [
            "aws_acm_certificate.wildcard_website",
            "aws_acm_certificate_validation.wildcard_cert",
            "aws_route53_record.wildcard_validation",
            "aws_s3_bucket.website_root"
          ]
        }
      ]
    },
    {
      "mode": "managed",
      "type": "aws_route53_record",
      "name": "website_cdn_redirect_record",
      "provider": "provider.aws",
      "instances": [
        {
          "schema_version": 2,
          "attributes": {
            "alias": [
              {
                "evaluate_target_health": false,
                "name": "d1txwmtxbwvmqy.cloudfront.net",
                "zone_id": "Z2FDTNDATAQYW2"
              }
            ],
            "allow_overwrite": null,
            "failover_routing_policy": [],
            "fqdn": "www.cdn.goldstack.party",
            "geolocation_routing_policy": [],
            "health_check_id": null,
            "id": "Z09768259Z4N8PRQS67U_www.cdn.goldstack.party_A",
            "latency_routing_policy": [],
            "multivalue_answer_routing_policy": null,
            "name": "www.cdn.goldstack.party",
            "records": null,
            "set_identifier": null,
            "ttl": null,
            "type": "A",
            "weighted_routing_policy": [],
            "zone_id": "Z09768259Z4N8PRQS67U"
          },
          "private": "eyJzY2hlbWFfdmVyc2lvbiI6IjIifQ==",
          "dependencies": [
            "aws_acm_certificate.wildcard_website",
            "aws_acm_certificate_validation.wildcard_cert",
            "aws_cloudfront_distribution.website_cdn_redirect",
            "aws_route53_record.wildcard_validation",
            "aws_s3_bucket.website_redirect"
          ]
        }
      ]
    },
    {
      "mode": "managed",
      "type": "aws_route53_record",
      "name": "website_cdn_root_record",
      "provider": "provider.aws",
      "instances": [
        {
          "schema_version": 2,
          "attributes": {
            "alias": [
              {
                "evaluate_target_health": false,
                "name": "d2zpjv2ak5kygv.cloudfront.net",
                "zone_id": "Z2FDTNDATAQYW2"
              }
            ],
            "allow_overwrite": null,
            "failover_routing_policy": [],
            "fqdn": "cdn.goldstack.party",
            "geolocation_routing_policy": [],
            "health_check_id": null,
            "id": "Z09768259Z4N8PRQS67U_cdn.goldstack.party_A",
            "latency_routing_policy": [],
            "multivalue_answer_routing_policy": null,
            "name": "cdn.goldstack.party",
            "records": null,
            "set_identifier": null,
            "ttl": null,
            "type": "A",
            "weighted_routing_policy": [],
            "zone_id": "Z09768259Z4N8PRQS67U"
          },
          "private": "eyJzY2hlbWFfdmVyc2lvbiI6IjIifQ==",
          "dependencies": [
            "aws_acm_certificate.wildcard_website",
            "aws_acm_certificate_validation.wildcard_cert",
            "aws_cloudfront_distribution.website_cdn_root",
            "aws_route53_record.wildcard_validation",
            "aws_s3_bucket.website_root"
          ]
        }
      ]
    },
    {
      "mode": "managed",
      "type": "aws_route53_record",
      "name": "wildcard_validation",
      "provider": "provider.aws",
      "instances": [
        {
          "schema_version": 2,
          "attributes": {
            "alias": [],
            "allow_overwrite": null,
            "failover_routing_policy": [],
            "fqdn": "_9d0d44e6d2dc082df5a77d621f1d5bd7.cdn.goldstack.party",
            "geolocation_routing_policy": [],
            "health_check_id": null,
            "id": "Z09768259Z4N8PRQS67U__9d0d44e6d2dc082df5a77d621f1d5bd7.cdn.goldstack.party._CNAME",
            "latency_routing_policy": [],
            "multivalue_answer_routing_policy": null,
            "name": "_9d0d44e6d2dc082df5a77d621f1d5bd7.cdn.goldstack.party",
            "records": [
              "_919f553421942d83e2c11b3d1104d156.bsgbmzkfwj.acm-validations.aws."
            ],
            "set_identifier": null,
            "ttl": 60,
            "type": "CNAME",
            "weighted_routing_policy": [],
            "zone_id": "Z09768259Z4N8PRQS67U"
          },
          "private": "eyJzY2hlbWFfdmVyc2lvbiI6IjIifQ==",
          "dependencies": [
            "aws_acm_certificate.wildcard_website"
          ]
        }
      ]
    },
    {
      "mode": "managed",
      "type": "aws_s3_bucket",
      "name": "website_redirect",
      "provider": "provider.aws",
      "instances": [
        {
          "schema_version": 0,
          "attributes": {
            "acceleration_status": "",
            "acl": "public-read",
            "arn": "arn:aws:s3:::cdn.goldstack.party-redirect",
            "bucket": "cdn.goldstack.party-redirect",
            "bucket_domain_name": "cdn.goldstack.party-redirect.s3.amazonaws.com",
            "bucket_prefix": null,
            "bucket_regional_domain_name": "cdn.goldstack.party-redirect.s3.us-west-2.amazonaws.com",
            "cors_rule": [],
            "force_destroy": true,
            "grant": [],
            "hosted_zone_id": "Z3BJ6K6RIION7M",
            "id": "cdn.goldstack.party-redirect",
            "lifecycle_rule": [],
            "logging": [],
            "object_lock_configuration": [],
            "policy": "{\"Statement\":[{\"Action\":\"s3:GetObject\",\"Effect\":\"Allow\",\"Principal\":{\"AWS\":\"*\"},\"Resource\":\"arn:aws:s3:::cdn.goldstack.party-redirect/*\",\"Sid\":\"PublicReadForGetBucketObjects\"}],\"Version\":\"2008-10-17\"}",
            "region": "us-west-2",
            "replication_configuration": [],
            "request_payer": "BucketOwner",
            "server_side_encryption_configuration": [],
            "tags": {
              "Changed": "2020-10-03 00:37 UTC",
              "ManagedBy": "terraform"
            },
            "versioning": [
              {
                "enabled": false,
                "mfa_delete": false
              }
            ],
            "website": [
              {
                "error_document": "",
                "index_document": "",
                "redirect_all_requests_to": "https://cdn.goldstack.party",
                "routing_rules": ""
              }
            ],
            "website_domain": "s3-website-us-west-2.amazonaws.com",
            "website_endpoint": "cdn.goldstack.party-redirect.s3-website-us-west-2.amazonaws.com"
          },
          "private": "bnVsbA=="
        }
      ]
    },
    {
      "mode": "managed",
      "type": "aws_s3_bucket",
      "name": "website_root",
      "provider": "provider.aws",
      "instances": [
        {
          "schema_version": 0,
          "attributes": {
            "acceleration_status": "",
            "acl": "public-read",
            "arn": "arn:aws:s3:::cdn.goldstack.party-root",
            "bucket": "cdn.goldstack.party-root",
            "bucket_domain_name": "cdn.goldstack.party-root.s3.amazonaws.com",
            "bucket_prefix": null,
            "bucket_regional_domain_name": "cdn.goldstack.party-root.s3.us-west-2.amazonaws.com",
            "cors_rule": [],
            "force_destroy": true,
            "grant": [],
            "hosted_zone_id": "Z3BJ6K6RIION7M",
            "id": "cdn.goldstack.party-root",
            "lifecycle_rule": [],
            "logging": [],
            "object_lock_configuration": [],
            "policy": "{\"Statement\":[{\"Action\":\"s3:GetObject\",\"Effect\":\"Allow\",\"Principal\":{\"AWS\":\"*\"},\"Resource\":\"arn:aws:s3:::cdn.goldstack.party-root/*\",\"Sid\":\"PublicReadForGetBucketObjects\"}],\"Version\":\"2008-10-17\"}",
            "region": "us-west-2",
            "replication_configuration": [],
            "request_payer": "BucketOwner",
            "server_side_encryption_configuration": [],
            "tags": {
              "Changed": "2020-10-03 00:37 UTC",
              "ManagedBy": "terraform"
            },
            "versioning": [
              {
                "enabled": false,
                "mfa_delete": false
              }
            ],
            "website": [
              {
                "error_document": "404.html",
                "index_document": "index.html",
                "redirect_all_requests_to": "",
                "routing_rules": ""
              }
            ],
            "website_domain": "s3-website-us-west-2.amazonaws.com",
            "website_endpoint": "cdn.goldstack.party-root.s3-website-us-west-2.amazonaws.com"
          },
          "private": "bnVsbA=="
        }
      ]
    },
    {
      "mode": "managed",
      "type": "aws_s3_bucket_object",
      "name": "redirect_file",
      "provider": "provider.aws",
      "instances": [
        {
          "schema_version": 0,
          "attributes": {
            "acl": "private",
            "bucket": "cdn.goldstack.party-redirect",
            "cache_control": "",
            "content": "Redirect placeholder.",
            "content_base64": null,
            "content_disposition": "",
            "content_encoding": "",
            "content_language": "",
            "content_type": "text/html",
            "etag": "038a9257fcf96796a469d16150a700a6",
            "force_destroy": true,
            "id": "index.html",
            "key": "index.html",
            "kms_key_id": null,
            "metadata": null,
            "object_lock_legal_hold_status": "",
            "object_lock_mode": "",
            "object_lock_retain_until_date": "",
            "server_side_encryption": "",
            "source": null,
            "storage_class": "STANDARD",
            "tags": null,
            "version_id": "",
            "website_redirect": "https://cdn.goldstack.party/"
          },
          "private": "bnVsbA==",
          "dependencies": [
            "aws_s3_bucket.website_redirect"
          ]
        }
      ]
    }
  ]
}
